// !$*UTF8*$!
{
	archiveVersion = 1;
	classes = {
	};
	objectVersion = 46;
	objects = {

/* Begin PBXAggregateTarget section */
		24CFC7DD1D18B2280025C437 /* ExampleUnix-1SPM */ = {
			isa = PBXAggregateTarget;
			buildConfigurationList = 24CFC7DE1D18B2280025C437 /* Build configuration list for PBXAggregateTarget "ExampleUnix-1SPM" */;
			buildPhases = (
				24CFC7E11D18B22D0025C437 /* ShellScript */,
			);
			dependencies = (
			);
			name = "ExampleUnix-1SPM";
			productName = "ExampleUnix-1SPM";
		};
/* End PBXAggregateTarget section */

/* Begin PBXFileReference section */
		2404522C1D2861A8002BD361 /* EKOpenGLComponents.swift */ = {isa = PBXFileReference; lastKnownFileType = sourcecode.swift; path = EKOpenGLComponents.swift; sourceTree = "<group>"; };
		2404522D1D286312002BD361 /* EKOpenGLCBridging.swift */ = {isa = PBXFileReference; lastKnownFileType = sourcecode.swift; path = EKOpenGLCBridging.swift; sourceTree = "<group>"; };
		2414B7531D074B8800CFFC2B /* main.swift */ = {isa = PBXFileReference; lastKnownFileType = sourcecode.swift; path = main.swift; sourceTree = "<group>"; };
		242CD3C21D21A35E0021E67D /* EKUnixInputAddon.swift */ = {isa = PBXFileReference; lastKnownFileType = sourcecode.swift; path = EKUnixInputAddon.swift; sourceTree = "<group>"; };
		243E47F51D22FF4D006F65EC /* EKAnimation.swift */ = {isa = PBXFileReference; lastKnownFileType = sourcecode.swift; name = EKAnimation.swift; path = "ExampleUnix-1/EKAnimation.swift"; sourceTree = "<group>"; };
		247368931D21D8E60050C1D5 /* EKTimer.swift */ = {isa = PBXFileReference; lastKnownFileType = sourcecode.swift; path = EKTimer.swift; sourceTree = "<group>"; };
		247368941D21D9060050C1D5 /* EKResourcePool.swift */ = {isa = PBXFileReference; lastKnownFileType = sourcecode.swift; path = EKResourcePool.swift; sourceTree = "<group>"; };
		24B14F121D0750DF00B38098 /* EKUnixDataClasses.swift */ = {isa = PBXFileReference; fileEncoding = 4; lastKnownFileType = sourcecode.swift; path = EKUnixDataClasses.swift; sourceTree = "<group>"; };
		24CFC7E21D18B4F60025C437 /* EKAddon.swift */ = {isa = PBXFileReference; fileEncoding = 4; lastKnownFileType = sourcecode.swift; name = EKAddon.swift; path = "ExampleUnix-1/EKAddon.swift"; sourceTree = "<group>"; };
		24CFC7E31D18B4F60025C437 /* EKColor.swift */ = {isa = PBXFileReference; fileEncoding = 4; lastKnownFileType = sourcecode.swift; name = EKColor.swift; path = "ExampleUnix-1/EKColor.swift"; sourceTree = "<group>"; };
		24CFC7E41D18B4F60025C437 /* EKEngine.swift */ = {isa = PBXFileReference; fileEncoding = 4; lastKnownFileType = sourcecode.swift; name = EKEngine.swift; path = "ExampleUnix-1/EKEngine.swift"; sourceTree = "<group>"; };
		24CFC7E51D18B4F60025C437 /* EKEvent.swift */ = {isa = PBXFileReference; fileEncoding = 4; lastKnownFileType = sourcecode.swift; name = EKEvent.swift; path = "ExampleUnix-1/EKEvent.swift"; sourceTree = "<group>"; };
		24CFC7E61D18B4F60025C437 /* EKFileManager.swift */ = {isa = PBXFileReference; fileEncoding = 4; lastKnownFileType = sourcecode.swift; name = EKFileManager.swift; path = "ExampleUnix-1/EKFileManager.swift"; sourceTree = "<group>"; };
		24CFC7E71D18B4F60025C437 /* EKLanguageEngine.swift */ = {isa = PBXFileReference; fileEncoding = 4; lastKnownFileType = sourcecode.swift; name = EKLanguageEngine.swift; path = "ExampleUnix-1/EKLanguageEngine.swift"; sourceTree = "<group>"; };
		24CFC7E91D18B4F60025C437 /* EKMatrix.swift */ = {isa = PBXFileReference; fileEncoding = 4; lastKnownFileType = sourcecode.swift; name = EKMatrix.swift; path = "ExampleUnix-1/EKMatrix.swift"; sourceTree = "<group>"; };
		24CFC7EA1D18B4F60025C437 /* EKOpenGLAddon.swift */ = {isa = PBXFileReference; fileEncoding = 4; lastKnownFileType = sourcecode.swift; path = EKOpenGLAddon.swift; sourceTree = "<group>"; };
		24CFC7EB1D18B4F60025C437 /* EKOSFactory.swift */ = {isa = PBXFileReference; fileEncoding = 4; lastKnownFileType = sourcecode.swift; name = EKOSFactory.swift; path = "ExampleUnix-1/EKOSFactory.swift"; sourceTree = "<group>"; };
		24CFC7EC1D18B4F60025C437 /* EKSwiftEngine.swift */ = {isa = PBXFileReference; fileEncoding = 4; lastKnownFileType = sourcecode.swift; name = EKSwiftEngine.swift; path = "ExampleUnix-1/EKSwiftEngine.swift"; sourceTree = "<group>"; };
		24CFC7ED1D18B4F60025C437 /* EKSwiftExtensions.swift */ = {isa = PBXFileReference; fileEncoding = 4; lastKnownFileType = sourcecode.swift; name = EKSwiftExtensions.swift; path = "ExampleUnix-1/EKSwiftExtensions.swift"; sourceTree = "<group>"; };
		24CFC7EE1D18B4F60025C437 /* EKUnixSwiftExtensions.swift */ = {isa = PBXFileReference; fileEncoding = 4; lastKnownFileType = sourcecode.swift; path = EKUnixSwiftExtensions.swift; sourceTree = "<group>"; };
		24CFC7EF1D18B4F60025C437 /* EKVector2.swift */ = {isa = PBXFileReference; fileEncoding = 4; lastKnownFileType = sourcecode.swift; name = EKVector2.swift; path = "ExampleUnix-1/EKVector2.swift"; sourceTree = "<group>"; };
		24CFC7F01D18B4F60025C437 /* EKVector3.swift */ = {isa = PBXFileReference; fileEncoding = 4; lastKnownFileType = sourcecode.swift; name = EKVector3.swift; path = "ExampleUnix-1/EKVector3.swift"; sourceTree = "<group>"; };
		24CFC7F11D18B4F60025C437 /* EKVector4.swift */ = {isa = PBXFileReference; fileEncoding = 4; lastKnownFileType = sourcecode.swift; name = EKVector4.swift; path = "ExampleUnix-1/EKVector4.swift"; sourceTree = "<group>"; };
		24CFC8021D18B6BE0025C437 /* fragment.glsl */ = {isa = PBXFileReference; lastKnownFileType = text; path = fragment.glsl; sourceTree = "<group>"; };
		24CFC8031D18B6BE0025C437 /* vertex.glsl */ = {isa = PBXFileReference; lastKnownFileType = text; path = vertex.glsl; sourceTree = "<group>"; };
		24CFC8041D18CFD70025C437 /* Commands.swift */ = {isa = PBXFileReference; fileEncoding = 4; lastKnownFileType = sourcecode.swift; name = Commands.swift; path = "Packages/SGLOpenGL-1.0.1/Sources/Commands.swift"; sourceTree = "<group>"; };
		24CFC8051D18CFD70025C437 /* Constants.swift */ = {isa = PBXFileReference; fileEncoding = 4; lastKnownFileType = sourcecode.swift; name = Constants.swift; path = "Packages/SGLOpenGL-1.0.1/Sources/Constants.swift"; sourceTree = "<group>"; };
		24CFC8061D18CFD70025C437 /* Loaders.swift */ = {isa = PBXFileReference; fileEncoding = 4; lastKnownFileType = sourcecode.swift; name = Loaders.swift; path = "Packages/SGLOpenGL-1.0.1/Sources/Loaders.swift"; sourceTree = "<group>"; };
		24CFC8071D18CFD70025C437 /* SwiftGL.swift */ = {isa = PBXFileReference; fileEncoding = 4; lastKnownFileType = sourcecode.swift; name = SwiftGL.swift; path = "Packages/SGLOpenGL-1.0.1/Sources/SwiftGL.swift"; sourceTree = "<group>"; };
		24CFC8091D18D00A0025C437 /* Complex.swift */ = {isa = PBXFileReference; fileEncoding = 4; lastKnownFileType = sourcecode.swift; name = Complex.swift; path = "Packages/SGLMath-1.0.3/Sources/Complex.swift"; sourceTree = "<group>"; };
		24CFC80A1D18D00A0025C437 /* glm.swift */ = {isa = PBXFileReference; fileEncoding = 4; lastKnownFileType = sourcecode.swift; name = glm.swift; path = "Packages/SGLMath-1.0.3/Sources/glm.swift"; sourceTree = "<group>"; };
		24CFC80B1D18D00A0025C437 /* glsl.swift */ = {isa = PBXFileReference; fileEncoding = 4; lastKnownFileType = sourcecode.swift; name = glsl.swift; path = "Packages/SGLMath-1.0.3/Sources/glsl.swift"; sourceTree = "<group>"; };
		24CFC80C1D18D00A0025C437 /* Internal.swift */ = {isa = PBXFileReference; fileEncoding = 4; lastKnownFileType = sourcecode.swift; name = Internal.swift; path = "Packages/SGLMath-1.0.3/Sources/Internal.swift"; sourceTree = "<group>"; };
		24CFC80D1D18D00A0025C437 /* Matrix2x2.swift */ = {isa = PBXFileReference; fileEncoding = 4; lastKnownFileType = sourcecode.swift; name = Matrix2x2.swift; path = "Packages/SGLMath-1.0.3/Sources/Matrix2x2.swift"; sourceTree = "<group>"; };
		24CFC80E1D18D00A0025C437 /* Matrix2x3.swift */ = {isa = PBXFileReference; fileEncoding = 4; lastKnownFileType = sourcecode.swift; name = Matrix2x3.swift; path = "Packages/SGLMath-1.0.3/Sources/Matrix2x3.swift"; sourceTree = "<group>"; };
		24CFC80F1D18D00A0025C437 /* Matrix2x4.swift */ = {isa = PBXFileReference; fileEncoding = 4; lastKnownFileType = sourcecode.swift; name = Matrix2x4.swift; path = "Packages/SGLMath-1.0.3/Sources/Matrix2x4.swift"; sourceTree = "<group>"; };
		24CFC8101D18D00A0025C437 /* Matrix3x2.swift */ = {isa = PBXFileReference; fileEncoding = 4; lastKnownFileType = sourcecode.swift; name = Matrix3x2.swift; path = "Packages/SGLMath-1.0.3/Sources/Matrix3x2.swift"; sourceTree = "<group>"; };
		24CFC8111D18D00A0025C437 /* Matrix3x3.swift */ = {isa = PBXFileReference; fileEncoding = 4; lastKnownFileType = sourcecode.swift; name = Matrix3x3.swift; path = "Packages/SGLMath-1.0.3/Sources/Matrix3x3.swift"; sourceTree = "<group>"; };
		24CFC8121D18D00A0025C437 /* Matrix3x4.swift */ = {isa = PBXFileReference; fileEncoding = 4; lastKnownFileType = sourcecode.swift; name = Matrix3x4.swift; path = "Packages/SGLMath-1.0.3/Sources/Matrix3x4.swift"; sourceTree = "<group>"; };
		24CFC8131D18D00A0025C437 /* Matrix4x2.swift */ = {isa = PBXFileReference; fileEncoding = 4; lastKnownFileType = sourcecode.swift; name = Matrix4x2.swift; path = "Packages/SGLMath-1.0.3/Sources/Matrix4x2.swift"; sourceTree = "<group>"; };
		24CFC8141D18D00A0025C437 /* Matrix4x3.swift */ = {isa = PBXFileReference; fileEncoding = 4; lastKnownFileType = sourcecode.swift; name = Matrix4x3.swift; path = "Packages/SGLMath-1.0.3/Sources/Matrix4x3.swift"; sourceTree = "<group>"; };
		24CFC8151D18D00A0025C437 /* Matrix4x4.swift */ = {isa = PBXFileReference; fileEncoding = 4; lastKnownFileType = sourcecode.swift; name = Matrix4x4.swift; path = "Packages/SGLMath-1.0.3/Sources/Matrix4x4.swift"; sourceTree = "<group>"; };
		24CFC8161D18D00A0025C437 /* Operators.swift */ = {isa = PBXFileReference; fileEncoding = 4; lastKnownFileType = sourcecode.swift; name = Operators.swift; path = "Packages/SGLMath-1.0.3/Sources/Operators.swift"; sourceTree = "<group>"; };
		24CFC8171D18D00A0025C437 /* Protocols.swift */ = {isa = PBXFileReference; fileEncoding = 4; lastKnownFileType = sourcecode.swift; name = Protocols.swift; path = "Packages/SGLMath-1.0.3/Sources/Protocols.swift"; sourceTree = "<group>"; };
		24CFC8181D18D00A0025C437 /* Quaternion.swift */ = {isa = PBXFileReference; fileEncoding = 4; lastKnownFileType = sourcecode.swift; name = Quaternion.swift; path = "Packages/SGLMath-1.0.3/Sources/Quaternion.swift"; sourceTree = "<group>"; };
		24CFC8191D18D00A0025C437 /* Swizzle.swift */ = {isa = PBXFileReference; fileEncoding = 4; lastKnownFileType = sourcecode.swift; name = Swizzle.swift; path = "Packages/SGLMath-1.0.3/Sources/Swizzle.swift"; sourceTree = "<group>"; };
		24CFC81A1D18D00A0025C437 /* Vector2.swift */ = {isa = PBXFileReference; fileEncoding = 4; lastKnownFileType = sourcecode.swift; name = Vector2.swift; path = "Packages/SGLMath-1.0.3/Sources/Vector2.swift"; sourceTree = "<group>"; };
		24CFC81B1D18D00A0025C437 /* Vector2b.swift */ = {isa = PBXFileReference; fileEncoding = 4; lastKnownFileType = sourcecode.swift; name = Vector2b.swift; path = "Packages/SGLMath-1.0.3/Sources/Vector2b.swift"; sourceTree = "<group>"; };
		24CFC81C1D18D00A0025C437 /* Vector3.swift */ = {isa = PBXFileReference; fileEncoding = 4; lastKnownFileType = sourcecode.swift; name = Vector3.swift; path = "Packages/SGLMath-1.0.3/Sources/Vector3.swift"; sourceTree = "<group>"; };
		24CFC81D1D18D00A0025C437 /* Vector3b.swift */ = {isa = PBXFileReference; fileEncoding = 4; lastKnownFileType = sourcecode.swift; name = Vector3b.swift; path = "Packages/SGLMath-1.0.3/Sources/Vector3b.swift"; sourceTree = "<group>"; };
		24CFC81E1D18D00A0025C437 /* Vector4.swift */ = {isa = PBXFileReference; fileEncoding = 4; lastKnownFileType = sourcecode.swift; name = Vector4.swift; path = "Packages/SGLMath-1.0.3/Sources/Vector4.swift"; sourceTree = "<group>"; };
		24CFC81F1D18D00A0025C437 /* Vector4b.swift */ = {isa = PBXFileReference; fileEncoding = 4; lastKnownFileType = sourcecode.swift; name = Vector4b.swift; path = "Packages/SGLMath-1.0.3/Sources/Vector4b.swift"; sourceTree = "<group>"; };
		24CFC8211D18D0D40025C437 /* Image.swift */ = {isa = PBXFileReference; fileEncoding = 4; lastKnownFileType = sourcecode.swift; name = Image.swift; path = "Packages/SGLImage-1.0.1/Sources/Image.swift"; sourceTree = "<group>"; };
		24CFC8221D18D0D40025C437 /* ImageBMP.swift */ = {isa = PBXFileReference; fileEncoding = 4; lastKnownFileType = sourcecode.swift; name = ImageBMP.swift; path = "Packages/SGLImage-1.0.1/Sources/ImageBMP.swift"; sourceTree = "<group>"; };
		24CFC8231D18D0D40025C437 /* ImageGIF.swift */ = {isa = PBXFileReference; fileEncoding = 4; lastKnownFileType = sourcecode.swift; name = ImageGIF.swift; path = "Packages/SGLImage-1.0.1/Sources/ImageGIF.swift"; sourceTree = "<group>"; };
		24CFC8241D18D0D40025C437 /* ImageLoader.swift */ = {isa = PBXFileReference; fileEncoding = 4; lastKnownFileType = sourcecode.swift; name = ImageLoader.swift; path = "Packages/SGLImage-1.0.1/Sources/ImageLoader.swift"; sourceTree = "<group>"; };
		24CFC8251D18D0D40025C437 /* ImagePNG.swift */ = {isa = PBXFileReference; fileEncoding = 4; lastKnownFileType = sourcecode.swift; name = ImagePNG.swift; path = "Packages/SGLImage-1.0.1/Sources/ImagePNG.swift"; sourceTree = "<group>"; };
		24CFC8261D18D0D40025C437 /* Inflate.swift */ = {isa = PBXFileReference; fileEncoding = 4; lastKnownFileType = sourcecode.swift; name = Inflate.swift; path = "Packages/SGLImage-1.0.1/Sources/Inflate.swift"; sourceTree = "<group>"; };
		24D2971A1D1B04250093E04D /* EKOpenGL.swift */ = {isa = PBXFileReference; fileEncoding = 4; lastKnownFileType = sourcecode.swift; path = EKOpenGL.swift; sourceTree = "<group>"; };
		24D2971F1D1B048C0093E04D /* EKCBridging.swift */ = {isa = PBXFileReference; fileEncoding = 4; lastKnownFileType = sourcecode.swift; path = EKCBridging.swift; sourceTree = "<group>"; };
		24D297211D1B04D50093E04D /* EKMath.swift */ = {isa = PBXFileReference; lastKnownFileType = sourcecode.swift; path = EKMath.swift; sourceTree = "<group>"; };
		24D297221D1B05C80093E04D /* EKUnixFileManager.swift */ = {isa = PBXFileReference; lastKnownFileType = sourcecode.swift; path = EKUnixFileManager.swift; sourceTree = "<group>"; };
		24D297241D1B06580093E04D /* EKUnixFactory.swift */ = {isa = PBXFileReference; lastKnownFileType = sourcecode.swift; path = EKUnixFactory.swift; sourceTree = "<group>"; };
/* End PBXFileReference section */

/* Begin PBXGroup section */
		2414B7471D074B8800CFFC2B = {
			isa = PBXGroup;
			children = (
				2414B7521D074B8800CFFC2B /* ExampleUnix-1 */,
				2414B7511D074B8800CFFC2B /* Products */,
			);
			sourceTree = "<group>";
		};
		2414B7511D074B8800CFFC2B /* Products */ = {
			isa = PBXGroup;
			children = (
			);
			name = Products;
			sourceTree = "<group>";
		};
		2414B7521D074B8800CFFC2B /* ExampleUnix-1 */ = {
			isa = PBXGroup;
			children = (
				24CFC8271D18D0DC0025C437 /* SGLImage */,
				24CFC8201D18D03A0025C437 /* SGLMath */,
				24CFC8081D18CFF70025C437 /* SGLOpenGL */,
				24B14F111D0750B700B38098 /* EngineKitSources */,
				2414B7531D074B8800CFFC2B /* main.swift */,
				24D297211D1B04D50093E04D /* EKMath.swift */,
				24D2971F1D1B048C0093E04D /* EKCBridging.swift */,
				24D2971A1D1B04250093E04D /* EKOpenGL.swift */,
				2404522D1D286312002BD361 /* EKOpenGLCBridging.swift */,
				2404522C1D2861A8002BD361 /* EKOpenGLComponents.swift */,
				24CFC7EA1D18B4F60025C437 /* EKOpenGLAddon.swift */,
				247368931D21D8E60050C1D5 /* EKTimer.swift */,
				247368941D21D9060050C1D5 /* EKResourcePool.swift */,
				24D297251D1B072A0093E04D /* EngineKitUnix */,
				24CFC8021D18B6BE0025C437 /* fragment.glsl */,
				24CFC8031D18B6BE0025C437 /* vertex.glsl */,
			);
			path = "ExampleUnix-1";
			sourceTree = "<group>";
		};
		24B14F111D0750B700B38098 /* EngineKitSources */ = {
			isa = PBXGroup;
			children = (
				24CFC7E21D18B4F60025C437 /* EKAddon.swift */,
				24CFC7E31D18B4F60025C437 /* EKColor.swift */,
				24CFC7E41D18B4F60025C437 /* EKEngine.swift */,
				24CFC7E51D18B4F60025C437 /* EKEvent.swift */,
				243E47F51D22FF4D006F65EC /* EKAnimation.swift */,
				24CFC7E61D18B4F60025C437 /* EKFileManager.swift */,
				24CFC7E71D18B4F60025C437 /* EKLanguageEngine.swift */,
				24CFC7EB1D18B4F60025C437 /* EKOSFactory.swift */,
				24CFC7EC1D18B4F60025C437 /* EKSwiftEngine.swift */,
				24CFC7ED1D18B4F60025C437 /* EKSwiftExtensions.swift */,
				24CFC7E91D18B4F60025C437 /* EKMatrix.swift */,
				24CFC7EF1D18B4F60025C437 /* EKVector2.swift */,
				24CFC7F01D18B4F60025C437 /* EKVector3.swift */,
				24CFC7F11D18B4F60025C437 /* EKVector4.swift */,
			);
			name = EngineKitSources;
			path = ..;
			sourceTree = "<group>";
		};
		24CFC8081D18CFF70025C437 /* SGLOpenGL */ = {
			isa = PBXGroup;
			children = (
				24CFC8041D18CFD70025C437 /* Commands.swift */,
				24CFC8051D18CFD70025C437 /* Constants.swift */,
				24CFC8061D18CFD70025C437 /* Loaders.swift */,
				24CFC8071D18CFD70025C437 /* SwiftGL.swift */,
			);
			name = SGLOpenGL;
			sourceTree = "<group>";
		};
		24CFC8201D18D03A0025C437 /* SGLMath */ = {
			isa = PBXGroup;
			children = (
				24CFC8091D18D00A0025C437 /* Complex.swift */,
				24CFC80A1D18D00A0025C437 /* glm.swift */,
				24CFC80B1D18D00A0025C437 /* glsl.swift */,
				24CFC80C1D18D00A0025C437 /* Internal.swift */,
				24CFC80D1D18D00A0025C437 /* Matrix2x2.swift */,
				24CFC80E1D18D00A0025C437 /* Matrix2x3.swift */,
				24CFC80F1D18D00A0025C437 /* Matrix2x4.swift */,
				24CFC8101D18D00A0025C437 /* Matrix3x2.swift */,
				24CFC8111D18D00A0025C437 /* Matrix3x3.swift */,
				24CFC8121D18D00A0025C437 /* Matrix3x4.swift */,
				24CFC8131D18D00A0025C437 /* Matrix4x2.swift */,
				24CFC8141D18D00A0025C437 /* Matrix4x3.swift */,
				24CFC8151D18D00A0025C437 /* Matrix4x4.swift */,
				24CFC8161D18D00A0025C437 /* Operators.swift */,
				24CFC8171D18D00A0025C437 /* Protocols.swift */,
				24CFC8181D18D00A0025C437 /* Quaternion.swift */,
				24CFC8191D18D00A0025C437 /* Swizzle.swift */,
				24CFC81A1D18D00A0025C437 /* Vector2.swift */,
				24CFC81B1D18D00A0025C437 /* Vector2b.swift */,
				24CFC81C1D18D00A0025C437 /* Vector3.swift */,
				24CFC81D1D18D00A0025C437 /* Vector3b.swift */,
				24CFC81E1D18D00A0025C437 /* Vector4.swift */,
				24CFC81F1D18D00A0025C437 /* Vector4b.swift */,
			);
			name = SGLMath;
			sourceTree = "<group>";
		};
		24CFC8271D18D0DC0025C437 /* SGLImage */ = {
			isa = PBXGroup;
			children = (
				24CFC8211D18D0D40025C437 /* Image.swift */,
				24CFC8221D18D0D40025C437 /* ImageBMP.swift */,
				24CFC8231D18D0D40025C437 /* ImageGIF.swift */,
				24CFC8241D18D0D40025C437 /* ImageLoader.swift */,
				24CFC8251D18D0D40025C437 /* ImagePNG.swift */,
				24CFC8261D18D0D40025C437 /* Inflate.swift */,
			);
			name = SGLImage;
			sourceTree = "<group>";
		};
		24D297251D1B072A0093E04D /* EngineKitUnix */ = {
			isa = PBXGroup;
			children = (
				24CFC7EE1D18B4F60025C437 /* EKUnixSwiftExtensions.swift */,
				24B14F121D0750DF00B38098 /* EKUnixDataClasses.swift */,
				24D297221D1B05C80093E04D /* EKUnixFileManager.swift */,
				24D297241D1B06580093E04D /* EKUnixFactory.swift */,
				242CD3C21D21A35E0021E67D /* EKUnixInputAddon.swift */,
			);
			name = EngineKitUnix;
			sourceTree = "<group>";
		};
/* End PBXGroup section */

/* Begin PBXProject section */
		2414B7481D074B8800CFFC2B /* Project object */ = {
			isa = PBXProject;
			attributes = {
				LastSwiftUpdateCheck = 0730;
				LastUpgradeCheck = 0730;
				ORGANIZATIONNAME = "Vinicius Vendramini";
				TargetAttributes = {
					24CFC7DD1D18B2280025C437 = {
						CreatedOnToolsVersion = 7.3.1;
					};
				};
			};
			buildConfigurationList = 2414B74B1D074B8800CFFC2B /* Build configuration list for PBXProject "ExampleUnix-1" */;
			compatibilityVersion = "Xcode 3.2";
			developmentRegion = English;
			hasScannedForEncodings = 0;
			knownRegions = (
				en,
			);
			mainGroup = 2414B7471D074B8800CFFC2B;
			productRefGroup = 2414B7511D074B8800CFFC2B /* Products */;
			projectDirPath = "";
			projectRoot = "";
			targets = (
				24CFC7DD1D18B2280025C437 /* ExampleUnix-1SPM */,
			);
		};
/* End PBXProject section */

/* Begin PBXShellScriptBuildPhase section */
		24CFC7E11D18B22D0025C437 /* ShellScript */ = {
			isa = PBXShellScriptBuildPhase;
			buildActionMask = 2147483647;
			files = (
			);
			inputPaths = (
			);
			outputPaths = (
			);
			runOnlyForDeploymentPostprocessing = 0;
			shellPath = /bin/sh;
			shellScript = "cd $SRCROOT/$PROJECT_NAME\nrm -r .build/debug/main*\n/Library/Developer/Toolchains/swift-DEVELOPMENT-SNAPSHOT-2016-03-01-a.xctoolchain/usr/bin/swift build -Xlinker -L/usr/local/lib";
		};
/* End PBXShellScriptBuildPhase section */

/* Begin XCBuildConfiguration section */
		2414B7551D074B8800CFFC2B /* Debug */ = {
			isa = XCBuildConfiguration;
			buildSettings = {
				ALWAYS_SEARCH_USER_PATHS = NO;
				CLANG_ANALYZER_NONNULL = YES;
				CLANG_CXX_LANGUAGE_STANDARD = "gnu++0x";
				CLANG_CXX_LIBRARY = "libc++";
				CLANG_ENABLE_MODULES = YES;
				CLANG_ENABLE_OBJC_ARC = YES;
				CLANG_WARN_BOOL_CONVERSION = YES;
				CLANG_WARN_CONSTANT_CONVERSION = YES;
				CLANG_WARN_DIRECT_OBJC_ISA_USAGE = YES_ERROR;
				CLANG_WARN_EMPTY_BODY = YES;
				CLANG_WARN_ENUM_CONVERSION = YES;
				CLANG_WARN_INT_CONVERSION = YES;
				CLANG_WARN_OBJC_ROOT_CLASS = YES_ERROR;
				CLANG_WARN_UNREACHABLE_CODE = YES;
				CLANG_WARN__DUPLICATE_METHOD_MATCH = YES;
				CODE_SIGN_IDENTITY = "-";
				COPY_PHASE_STRIP = NO;
				DEBUG_INFORMATION_FORMAT = dwarf;
				ENABLE_STRICT_OBJC_MSGSEND = YES;
				ENABLE_TESTABILITY = YES;
				GCC_C_LANGUAGE_STANDARD = gnu99;
				GCC_DYNAMIC_NO_PIC = NO;
				GCC_NO_COMMON_BLOCKS = YES;
				GCC_OPTIMIZATION_LEVEL = 0;
				GCC_PREPROCESSOR_DEFINITIONS = (
					"DEBUG=1",
					"$(inherited)",
				);
				GCC_WARN_64_TO_32_BIT_CONVERSION = YES;
				GCC_WARN_ABOUT_RETURN_TYPE = YES_ERROR;
				GCC_WARN_UNDECLARED_SELECTOR = YES;
				GCC_WARN_UNINITIALIZED_AUTOS = YES_AGGRESSIVE;
				GCC_WARN_UNUSED_FUNCTION = YES;
				GCC_WARN_UNUSED_VARIABLE = YES;
				MACOSX_DEPLOYMENT_TARGET = 10.11;
				MTL_ENABLE_DEBUG_INFO = YES;
				ONLY_ACTIVE_ARCH = YES;
				SDKROOT = macosx;
				SWIFT_OPTIMIZATION_LEVEL = "-Onone";
			};
			name = Debug;
		};
		2414B7561D074B8800CFFC2B /* Release */ = {
			isa = XCBuildConfiguration;
			buildSettings = {
				ALWAYS_SEARCH_USER_PATHS = NO;
				CLANG_ANALYZER_NONNULL = YES;
				CLANG_CXX_LANGUAGE_STANDARD = "gnu++0x";
				CLANG_CXX_LIBRARY = "libc++";
				CLANG_ENABLE_MODULES = YES;
				CLANG_ENABLE_OBJC_ARC = YES;
				CLANG_WARN_BOOL_CONVERSION = YES;
				CLANG_WARN_CONSTANT_CONVERSION = YES;
				CLANG_WARN_DIRECT_OBJC_ISA_USAGE = YES_ERROR;
				CLANG_WARN_EMPTY_BODY = YES;
				CLANG_WARN_ENUM_CONVERSION = YES;
				CLANG_WARN_INT_CONVERSION = YES;
				CLANG_WARN_OBJC_ROOT_CLASS = YES_ERROR;
				CLANG_WARN_UNREACHABLE_CODE = YES;
				CLANG_WARN__DUPLICATE_METHOD_MATCH = YES;
				CODE_SIGN_IDENTITY = "-";
				COPY_PHASE_STRIP = NO;
				DEBUG_INFORMATION_FORMAT = "dwarf-with-dsym";
				ENABLE_NS_ASSERTIONS = NO;
				ENABLE_STRICT_OBJC_MSGSEND = YES;
				GCC_C_LANGUAGE_STANDARD = gnu99;
				GCC_NO_COMMON_BLOCKS = YES;
				GCC_WARN_64_TO_32_BIT_CONVERSION = YES;
				GCC_WARN_ABOUT_RETURN_TYPE = YES_ERROR;
				GCC_WARN_UNDECLARED_SELECTOR = YES;
				GCC_WARN_UNINITIALIZED_AUTOS = YES_AGGRESSIVE;
				GCC_WARN_UNUSED_FUNCTION = YES;
				GCC_WARN_UNUSED_VARIABLE = YES;
				MACOSX_DEPLOYMENT_TARGET = 10.11;
				MTL_ENABLE_DEBUG_INFO = NO;
				SDKROOT = macosx;
			};
			name = Release;
		};
		24CFC7DF1D18B2280025C437 /* Debug */ = {
			isa = XCBuildConfiguration;
			buildSettings = {
				CLANG_ENABLE_MODULES = YES;
				LD_RUNPATH_SEARCH_PATHS = "$(inherited) @executable_path/../Frameworks @loader_path/../Frameworks";
				PRODUCT_NAME = "$(TARGET_NAME)";
				SWIFT_OPTIMIZATION_LEVEL = "-Onone";
			};
			name = Debug;
		};
		24CFC7E01D18B2280025C437 /* Release */ = {
			isa = XCBuildConfiguration;
			buildSettings = {
				CLANG_ENABLE_MODULES = YES;
				LD_RUNPATH_SEARCH_PATHS = "$(inherited) @executable_path/../Frameworks @loader_path/../Frameworks";
				PRODUCT_NAME = "$(TARGET_NAME)";
			};
			name = Release;
		};
/* End XCBuildConfiguration section */

/* Begin XCConfigurationList section */
		2414B74B1D074B8800CFFC2B /* Build configuration list for PBXProject "ExampleUnix-1" */ = {
			isa = XCConfigurationList;
			buildConfigurations = (
				2414B7551D074B8800CFFC2B /* Debug */,
				2414B7561D074B8800CFFC2B /* Release */,
			);
			defaultConfigurationIsVisible = 0;
			defaultConfigurationName = Release;
		};
		24CFC7DE1D18B2280025C437 /* Build configuration list for PBXAggregateTarget "ExampleUnix-1SPM" */ = {
			isa = XCConfigurationList;
			buildConfigurations = (
				24CFC7DF1D18B2280025C437 /* Debug */,
				24CFC7E01D18B2280025C437 /* Release */,
			);
			defaultConfigurationIsVisible = 0;
			defaultConfigurationName = Release;
		};
/* End XCConfigurationList section */
	};
	rootObject = 2414B7481D074B8800CFFC2B /* Project object */;
}
