// !$*UTF8*$!
{
	archiveVersion = 1;
	classes = {
	};
	objectVersion = 46;
	objects = {

/* Begin PBXAggregateTarget section */
		24CFC7DD1D18B2280025C437 /* ExampleUnix-1SPM */ = {
			isa = PBXAggregateTarget;
			buildConfigurationList = 24CFC7DE1D18B2280025C437 /* Build configuration list for PBXAggregateTarget "ExampleUnix-1SPM" */;
			buildPhases = (
				24CFC7E11D18B22D0025C437 /* ShellScript */,
			);
			dependencies = (
			);
			name = "ExampleUnix-1SPM";
			productName = "ExampleUnix-1SPM";
		};
/* End PBXAggregateTarget section */

/* Begin PBXFileReference section */
		243344981DD8E90A00E851AD /* EKRotation.swift */ = {isa = PBXFileReference; lastKnownFileType = sourcecode.swift; name = EKRotation.swift; path = EngineKitCore/EKRotation.swift; sourceTree = "<group>"; };
		249423E51D2CB3B6009F2100 /* EKOpenGL.swift */ = {isa = PBXFileReference; fileEncoding = 4; lastKnownFileType = sourcecode.swift; name = EKOpenGL.swift; path = Sources/EKOpenGL.swift; sourceTree = "<group>"; };
		249423E61D2CB3B6009F2100 /* EKOpenGLAddon.swift */ = {isa = PBXFileReference; fileEncoding = 4; lastKnownFileType = sourcecode.swift; name = EKOpenGLAddon.swift; path = Sources/EKOpenGLAddon.swift; sourceTree = "<group>"; };
		249423E71D2CB3B6009F2100 /* EKOpenGLCBridging.swift */ = {isa = PBXFileReference; fileEncoding = 4; lastKnownFileType = sourcecode.swift; name = EKOpenGLCBridging.swift; path = Sources/EKOpenGLCBridging.swift; sourceTree = "<group>"; };
		249423E81D2CB3B6009F2100 /* EKOpenGLComponents.swift */ = {isa = PBXFileReference; fileEncoding = 4; lastKnownFileType = sourcecode.swift; name = EKOpenGLComponents.swift; path = Sources/EKOpenGLComponents.swift; sourceTree = "<group>"; };
		249423EA1D2CB3B6009F2100 /* EKResourcePool.swift */ = {isa = PBXFileReference; fileEncoding = 4; lastKnownFileType = sourcecode.swift; name = EKResourcePool.swift; path = Sources/EKResourcePool.swift; sourceTree = "<group>"; };
		249423ED1D2CB3B6009F2100 /* EKTimer.swift */ = {isa = PBXFileReference; fileEncoding = 4; lastKnownFileType = sourcecode.swift; lineEnding = 0; name = EKTimer.swift; path = Sources/EKTimer.swift; sourceTree = "<group>"; xcLanguageSpecificationIdentifier = xcode.lang.swift; };
		249423EE1D2CB3B6009F2100 /* EKUnixDataClasses.swift */ = {isa = PBXFileReference; fileEncoding = 4; lastKnownFileType = sourcecode.swift; name = EKUnixDataClasses.swift; path = Sources/EKUnixDataClasses.swift; sourceTree = "<group>"; };
		249423EF1D2CB3B6009F2100 /* EKUnixFactory.swift */ = {isa = PBXFileReference; fileEncoding = 4; lastKnownFileType = sourcecode.swift; name = EKUnixFactory.swift; path = Sources/EKUnixFactory.swift; sourceTree = "<group>"; };
		249423F01D2CB3B6009F2100 /* EKUnixFileManager.swift */ = {isa = PBXFileReference; fileEncoding = 4; lastKnownFileType = sourcecode.swift; name = EKUnixFileManager.swift; path = Sources/EKUnixFileManager.swift; sourceTree = "<group>"; };
		249423F11D2CB3B6009F2100 /* EKUnixInputAddon.swift */ = {isa = PBXFileReference; fileEncoding = 4; lastKnownFileType = sourcecode.swift; name = EKUnixInputAddon.swift; path = Sources/EKUnixInputAddon.swift; sourceTree = "<group>"; };
		249423F21D2CB3B6009F2100 /* EKUnixSwiftExtensions.swift */ = {isa = PBXFileReference; fileEncoding = 4; lastKnownFileType = sourcecode.swift; name = EKUnixSwiftExtensions.swift; path = Sources/EKUnixSwiftExtensions.swift; sourceTree = "<group>"; };
		249423F71D2CB3B6009F2100 /* main.swift */ = {isa = PBXFileReference; fileEncoding = 4; lastKnownFileType = sourcecode.swift; name = main.swift; path = Sources/main.swift; sourceTree = "<group>"; };
		249703B71DBBBC8D00816191 /* Package.swift */ = {isa = PBXFileReference; fileEncoding = 4; lastKnownFileType = sourcecode.swift; name = Package.swift; path = "ExampleUnix-1/Package.swift"; sourceTree = "<group>"; };
		249703B81DBBBEDB00816191 /* EKJSON.swift */ = {isa = PBXFileReference; lastKnownFileType = sourcecode.swift; name = EKJSON.swift; path = Sources/EKJSON.swift; sourceTree = "<group>"; };
		24C9B6321DB679D60020D8AF /* EKAddon.swift */ = {isa = PBXFileReference; fileEncoding = 4; lastKnownFileType = sourcecode.swift; name = EKAddon.swift; path = EngineKitCore/EKAddon.swift; sourceTree = "<group>"; };
		24C9B6331DB679D60020D8AF /* EKAnimation.swift */ = {isa = PBXFileReference; fileEncoding = 4; lastKnownFileType = sourcecode.swift; lineEnding = 0; name = EKAnimation.swift; path = EngineKitCore/EKAnimation.swift; sourceTree = "<group>"; xcLanguageSpecificationIdentifier = xcode.lang.swift; };
		24C9B6341DB679D60020D8AF /* EKColor.swift */ = {isa = PBXFileReference; fileEncoding = 4; lastKnownFileType = sourcecode.swift; name = EKColor.swift; path = EngineKitCore/EKColor.swift; sourceTree = "<group>"; };
		24C9B6351DB679D60020D8AF /* EKEngine.swift */ = {isa = PBXFileReference; fileEncoding = 4; lastKnownFileType = sourcecode.swift; lineEnding = 0; name = EKEngine.swift; path = EngineKitCore/EKEngine.swift; sourceTree = "<group>"; xcLanguageSpecificationIdentifier = xcode.lang.swift; };
		24C9B6361DB679D60020D8AF /* EKEvent.swift */ = {isa = PBXFileReference; fileEncoding = 4; lastKnownFileType = sourcecode.swift; lineEnding = 0; name = EKEvent.swift; path = EngineKitCore/EKEvent.swift; sourceTree = "<group>"; xcLanguageSpecificationIdentifier = xcode.lang.swift; };
		24C9B6371DB679D60020D8AF /* EKFileManager.swift */ = {isa = PBXFileReference; fileEncoding = 4; lastKnownFileType = sourcecode.swift; name = EKFileManager.swift; path = EngineKitCore/EKFileManager.swift; sourceTree = "<group>"; };
		24C9B6381DB679D60020D8AF /* EKLanguageEngine.swift */ = {isa = PBXFileReference; fileEncoding = 4; lastKnownFileType = sourcecode.swift; name = EKLanguageEngine.swift; path = EngineKitCore/EKLanguageEngine.swift; sourceTree = "<group>"; };
		24C9B6391DB679D60020D8AF /* EKMatrix.swift */ = {isa = PBXFileReference; fileEncoding = 4; lastKnownFileType = sourcecode.swift; name = EKMatrix.swift; path = EngineKitCore/EKMatrix.swift; sourceTree = "<group>"; };
		24C9B63A1DB679D60020D8AF /* EKOSFactory.swift */ = {isa = PBXFileReference; fileEncoding = 4; lastKnownFileType = sourcecode.swift; name = EKOSFactory.swift; path = EngineKitCore/EKOSFactory.swift; sourceTree = "<group>"; };
		24C9B63B1DB679D60020D8AF /* EKSwiftEngine.swift */ = {isa = PBXFileReference; fileEncoding = 4; lastKnownFileType = sourcecode.swift; name = EKSwiftEngine.swift; path = EngineKitCore/EKSwiftEngine.swift; sourceTree = "<group>"; };
		24C9B63C1DB679D60020D8AF /* EKSwiftExtensions.swift */ = {isa = PBXFileReference; fileEncoding = 4; lastKnownFileType = sourcecode.swift; name = EKSwiftExtensions.swift; path = EngineKitCore/EKSwiftExtensions.swift; sourceTree = "<group>"; };
		24C9B63D1DB679D60020D8AF /* EKVector2.swift */ = {isa = PBXFileReference; fileEncoding = 4; lastKnownFileType = sourcecode.swift; name = EKVector2.swift; path = EngineKitCore/EKVector2.swift; sourceTree = "<group>"; };
		24C9B63E1DB679D60020D8AF /* EKVector3.swift */ = {isa = PBXFileReference; fileEncoding = 4; lastKnownFileType = sourcecode.swift; name = EKVector3.swift; path = EngineKitCore/EKVector3.swift; sourceTree = "<group>"; };
		24C9B63F1DB679D60020D8AF /* EKVector4.swift */ = {isa = PBXFileReference; fileEncoding = 4; lastKnownFileType = sourcecode.swift; name = EKVector4.swift; path = EngineKitCore/EKVector4.swift; sourceTree = "<group>"; };
		24C9B6401DB67B930020D8AF /* EKCBridging.swift */ = {isa = PBXFileReference; fileEncoding = 4; lastKnownFileType = sourcecode.swift; name = EKCBridging.swift; path = EngineKitCore/EKCBridging.swift; sourceTree = "<group>"; };
		24C9B6411DB67B930020D8AF /* EKMath.swift */ = {isa = PBXFileReference; fileEncoding = 4; lastKnownFileType = sourcecode.swift; name = EKMath.swift; path = EngineKitCore/EKMath.swift; sourceTree = "<group>"; };
		24CFC8021D18B6BE0025C437 /* fragment.glsl */ = {isa = PBXFileReference; lastKnownFileType = text; path = fragment.glsl; sourceTree = "<group>"; };
		24CFC8031D18B6BE0025C437 /* vertex.glsl */ = {isa = PBXFileReference; lastKnownFileType = text; path = vertex.glsl; sourceTree = "<group>"; };
/* End PBXFileReference section */

/* Begin PBXGroup section */
		2414B7471D074B8800CFFC2B = {
			isa = PBXGroup;
			children = (
				249703B71DBBBC8D00816191 /* Package.swift */,
				2414B7521D074B8800CFFC2B /* ExampleUnix-1 */,
			);
			sourceTree = "<group>";
		};
		2414B7521D074B8800CFFC2B /* ExampleUnix-1 */ = {
			isa = PBXGroup;
			children = (
				24B14F111D0750B700B38098 /* EngineKitCore */,
				24D297251D1B072A0093E04D /* EngineKitUnix */,
				249423F71D2CB3B6009F2100 /* main.swift */,
				24CFC8021D18B6BE0025C437 /* fragment.glsl */,
				24CFC8031D18B6BE0025C437 /* vertex.glsl */,
			);
			path = "ExampleUnix-1";
			sourceTree = "<group>";
		};
		24B14F111D0750B700B38098 /* EngineKitCore */ = {
			isa = PBXGroup;
			children = (
				24C9B6321DB679D60020D8AF /* EKAddon.swift */,
				24C9B6331DB679D60020D8AF /* EKAnimation.swift */,
				24C9B6401DB67B930020D8AF /* EKCBridging.swift */,
				24C9B6341DB679D60020D8AF /* EKColor.swift */,
				24C9B6351DB679D60020D8AF /* EKEngine.swift */,
				24C9B6361DB679D60020D8AF /* EKEvent.swift */,
				24C9B6371DB679D60020D8AF /* EKFileManager.swift */,
				24C9B6381DB679D60020D8AF /* EKLanguageEngine.swift */,
				24C9B6411DB67B930020D8AF /* EKMath.swift */,
				24C9B6391DB679D60020D8AF /* EKMatrix.swift */,
				24C9B63A1DB679D60020D8AF /* EKOSFactory.swift */,
				24C9B63B1DB679D60020D8AF /* EKSwiftEngine.swift */,
				24C9B63C1DB679D60020D8AF /* EKSwiftExtensions.swift */,
				24C9B63D1DB679D60020D8AF /* EKVector2.swift */,
				24C9B63E1DB679D60020D8AF /* EKVector3.swift */,
				24C9B63F1DB679D60020D8AF /* EKVector4.swift */,
				243344981DD8E90A00E851AD /* EKRotation.swift */,
			);
			name = EngineKitCore;
			path = ..;
			sourceTree = "<group>";
		};
		24D297251D1B072A0093E04D /* EngineKitUnix */ = {
			isa = PBXGroup;
			children = (
				249703B81DBBBEDB00816191 /* EKJSON.swift */,
				249423E51D2CB3B6009F2100 /* EKOpenGL.swift */,
				249423E61D2CB3B6009F2100 /* EKOpenGLAddon.swift */,
				249423E71D2CB3B6009F2100 /* EKOpenGLCBridging.swift */,
				249423E81D2CB3B6009F2100 /* EKOpenGLComponents.swift */,
				249423EA1D2CB3B6009F2100 /* EKResourcePool.swift */,
				249423ED1D2CB3B6009F2100 /* EKTimer.swift */,
				249423EE1D2CB3B6009F2100 /* EKUnixDataClasses.swift */,
				249423EF1D2CB3B6009F2100 /* EKUnixFactory.swift */,
				249423F01D2CB3B6009F2100 /* EKUnixFileManager.swift */,
				249423F11D2CB3B6009F2100 /* EKUnixInputAddon.swift */,
				249423F21D2CB3B6009F2100 /* EKUnixSwiftExtensions.swift */,
			);
			name = EngineKitUnix;
			sourceTree = "<group>";
		};
/* End PBXGroup section */

/* Begin PBXProject section */
		2414B7481D074B8800CFFC2B /* Project object */ = {
			isa = PBXProject;
			attributes = {
				LastSwiftUpdateCheck = 0800;
				LastUpgradeCheck = 0810;
				ORGANIZATIONNAME = "Vinicius Vendramini";
				TargetAttributes = {
					24CFC7DD1D18B2280025C437 = {
						CreatedOnToolsVersion = 7.3.1;
						LastSwiftMigration = 0800;
					};
				};
			};
			buildConfigurationList = 2414B74B1D074B8800CFFC2B /* Build configuration list for PBXProject "ExampleUnix-1" */;
			compatibilityVersion = "Xcode 3.2";
			developmentRegion = English;
			hasScannedForEncodings = 0;
			knownRegions = (
				en,
			);
			mainGroup = 2414B7471D074B8800CFFC2B;
			productRefGroup = 2414B7471D074B8800CFFC2B;
			projectDirPath = "";
			projectRoot = "";
			targets = (
				24CFC7DD1D18B2280025C437 /* ExampleUnix-1SPM */,
			);
		};
/* End PBXProject section */

/* Begin PBXShellScriptBuildPhase section */
		24CFC7E11D18B22D0025C437 /* ShellScript */ = {
			isa = PBXShellScriptBuildPhase;
			buildActionMask = 2147483647;
			files = (
			);
			inputPaths = (
			);
			outputPaths = (
			);
			runOnlyForDeploymentPostprocessing = 0;
			shellPath = /bin/sh;
			shellScript = "cd $SRCROOT/$PROJECT_NAME\nsource build.sh";
		};
/* End PBXShellScriptBuildPhase section */

/* Begin XCBuildConfiguration section */
		2414B7551D074B8800CFFC2B /* Debug */ = {
			isa = XCBuildConfiguration;
			buildSettings = {
				ALWAYS_SEARCH_USER_PATHS = NO;
				CLANG_ANALYZER_NONNULL = YES;
				CLANG_CXX_LANGUAGE_STANDARD = "gnu++0x";
				CLANG_CXX_LIBRARY = "libc++";
				CLANG_ENABLE_MODULES = YES;
				CLANG_ENABLE_OBJC_ARC = YES;
				CLANG_WARN_BOOL_CONVERSION = YES;
				CLANG_WARN_CONSTANT_CONVERSION = YES;
				CLANG_WARN_DIRECT_OBJC_ISA_USAGE = YES_ERROR;
				CLANG_WARN_EMPTY_BODY = YES;
				CLANG_WARN_ENUM_CONVERSION = YES;
				CLANG_WARN_INFINITE_RECURSION = YES;
				CLANG_WARN_INT_CONVERSION = YES;
				CLANG_WARN_OBJC_ROOT_CLASS = YES_ERROR;
				CLANG_WARN_SUSPICIOUS_MOVE = YES;
				CLANG_WARN_UNREACHABLE_CODE = YES;
				CLANG_WARN__DUPLICATE_METHOD_MATCH = YES;
				CODE_SIGN_IDENTITY = "-";
				COPY_PHASE_STRIP = NO;
				DEBUG_INFORMATION_FORMAT = dwarf;
				ENABLE_STRICT_OBJC_MSGSEND = YES;
				ENABLE_TESTABILITY = YES;
				GCC_C_LANGUAGE_STANDARD = gnu99;
				GCC_DYNAMIC_NO_PIC = NO;
				GCC_NO_COMMON_BLOCKS = YES;
				GCC_OPTIMIZATION_LEVEL = 0;
				GCC_PREPROCESSOR_DEFINITIONS = (
					"DEBUG=1",
					"$(inherited)",
				);
				GCC_WARN_64_TO_32_BIT_CONVERSION = YES;
				GCC_WARN_ABOUT_RETURN_TYPE = YES_ERROR;
				GCC_WARN_UNDECLARED_SELECTOR = YES;
				GCC_WARN_UNINITIALIZED_AUTOS = YES_AGGRESSIVE;
				GCC_WARN_UNUSED_FUNCTION = YES;
				GCC_WARN_UNUSED_VARIABLE = YES;
				MACOSX_DEPLOYMENT_TARGET = 10.11;
				MTL_ENABLE_DEBUG_INFO = YES;
				ONLY_ACTIVE_ARCH = YES;
				SDKROOT = macosx;
				SWIFT_OPTIMIZATION_LEVEL = "-Onone";
			};
			name = Debug;
		};
		2414B7561D074B8800CFFC2B /* Release */ = {
			isa = XCBuildConfiguration;
			buildSettings = {
				ALWAYS_SEARCH_USER_PATHS = NO;
				CLANG_ANALYZER_NONNULL = YES;
				CLANG_CXX_LANGUAGE_STANDARD = "gnu++0x";
				CLANG_CXX_LIBRARY = "libc++";
				CLANG_ENABLE_MODULES = YES;
				CLANG_ENABLE_OBJC_ARC = YES;
				CLANG_WARN_BOOL_CONVERSION = YES;
				CLANG_WARN_CONSTANT_CONVERSION = YES;
				CLANG_WARN_DIRECT_OBJC_ISA_USAGE = YES_ERROR;
				CLANG_WARN_EMPTY_BODY = YES;
				CLANG_WARN_ENUM_CONVERSION = YES;
				CLANG_WARN_INFINITE_RECURSION = YES;
				CLANG_WARN_INT_CONVERSION = YES;
				CLANG_WARN_OBJC_ROOT_CLASS = YES_ERROR;
				CLANG_WARN_SUSPICIOUS_MOVE = YES;
				CLANG_WARN_UNREACHABLE_CODE = YES;
				CLANG_WARN__DUPLICATE_METHOD_MATCH = YES;
				CODE_SIGN_IDENTITY = "-";
				COPY_PHASE_STRIP = NO;
				DEBUG_INFORMATION_FORMAT = "dwarf-with-dsym";
				ENABLE_NS_ASSERTIONS = NO;
				ENABLE_STRICT_OBJC_MSGSEND = YES;
				GCC_C_LANGUAGE_STANDARD = gnu99;
				GCC_NO_COMMON_BLOCKS = YES;
				GCC_WARN_64_TO_32_BIT_CONVERSION = YES;
				GCC_WARN_ABOUT_RETURN_TYPE = YES_ERROR;
				GCC_WARN_UNDECLARED_SELECTOR = YES;
				GCC_WARN_UNINITIALIZED_AUTOS = YES_AGGRESSIVE;
				GCC_WARN_UNUSED_FUNCTION = YES;
				GCC_WARN_UNUSED_VARIABLE = YES;
				MACOSX_DEPLOYMENT_TARGET = 10.11;
				MTL_ENABLE_DEBUG_INFO = NO;
				SDKROOT = macosx;
			};
			name = Release;
		};
		24CFC7DF1D18B2280025C437 /* Debug */ = {
			isa = XCBuildConfiguration;
			buildSettings = {
				CLANG_ENABLE_MODULES = YES;
				LD_RUNPATH_SEARCH_PATHS = "$(inherited) @executable_path/../Frameworks @loader_path/../Frameworks";
				PRODUCT_NAME = "$(TARGET_NAME)";
				SWIFT_OPTIMIZATION_LEVEL = "-Onone";
				SWIFT_VERSION = 3.0;
			};
			name = Debug;
		};
		24CFC7E01D18B2280025C437 /* Release */ = {
			isa = XCBuildConfiguration;
			buildSettings = {
				CLANG_ENABLE_MODULES = YES;
				LD_RUNPATH_SEARCH_PATHS = "$(inherited) @executable_path/../Frameworks @loader_path/../Frameworks";
				PRODUCT_NAME = "$(TARGET_NAME)";
				SWIFT_VERSION = 3.0;
			};
			name = Release;
		};
/* End XCBuildConfiguration section */

/* Begin XCConfigurationList section */
		2414B74B1D074B8800CFFC2B /* Build configuration list for PBXProject "ExampleUnix-1" */ = {
			isa = XCConfigurationList;
			buildConfigurations = (
				2414B7551D074B8800CFFC2B /* Debug */,
				2414B7561D074B8800CFFC2B /* Release */,
			);
			defaultConfigurationIsVisible = 0;
			defaultConfigurationName = Release;
		};
		24CFC7DE1D18B2280025C437 /* Build configuration list for PBXAggregateTarget "ExampleUnix-1SPM" */ = {
			isa = XCConfigurationList;
			buildConfigurations = (
				24CFC7DF1D18B2280025C437 /* Debug */,
				24CFC7E01D18B2280025C437 /* Release */,
			);
			defaultConfigurationIsVisible = 0;
			defaultConfigurationName = Release;
		};
/* End XCConfigurationList section */
	};
	rootObject = 2414B7481D074B8800CFFC2B /* Project object */;
}
