// !$*UTF8*$!
{
	archiveVersion = 1;
	classes = {
	};
	objectVersion = 46;
	objects = {

/* Begin PBXBuildFile section */
		2418DF0E1D01F5EC00473C0B /* EKAppKitInputAddon.swift in Sources */ = {isa = PBXBuildFile; fileRef = 2418DF0B1D01F5EC00473C0B /* EKAppKitInputAddon.swift */; };
		2418DF0F1D01F5EC00473C0B /* EKAppKitInputAddon.swift in Sources */ = {isa = PBXBuildFile; fileRef = 2418DF0B1D01F5EC00473C0B /* EKAppKitInputAddon.swift */; };
		242EBAC01CEA4894001E5025 /* EKUIKitInputAddon.swift in Sources */ = {isa = PBXBuildFile; fileRef = 242EBABF1CEA4894001E5025 /* EKUIKitInputAddon.swift */; };
		242EBAC11CEA4894001E5025 /* EKUIKitInputAddon.swift in Sources */ = {isa = PBXBuildFile; fileRef = 242EBABF1CEA4894001E5025 /* EKUIKitInputAddon.swift */; };
		242EBAC31CEA7EBE001E5025 /* EKEvent.swift in Sources */ = {isa = PBXBuildFile; fileRef = 242EBAC21CEA7EBE001E5025 /* EKEvent.swift */; };
		242EBAC41CEA7EBE001E5025 /* EKEvent.swift in Sources */ = {isa = PBXBuildFile; fileRef = 242EBAC21CEA7EBE001E5025 /* EKEvent.swift */; };
		242EBAC51CEA7EBE001E5025 /* EKEvent.swift in Sources */ = {isa = PBXBuildFile; fileRef = 242EBAC21CEA7EBE001E5025 /* EKEvent.swift */; };
		242EBAC61CEA7EBE001E5025 /* EKEvent.swift in Sources */ = {isa = PBXBuildFile; fileRef = 242EBAC21CEA7EBE001E5025 /* EKEvent.swift */; };
		244FBF261CEF9B9100002FF1 /* testScriptFail in Resources */ = {isa = PBXBuildFile; fileRef = 244FBF231CEF9B5800002FF1 /* testScriptFail */; };
		244FBF271CEF9B9200002FF1 /* testScriptFail in Resources */ = {isa = PBXBuildFile; fileRef = 244FBF231CEF9B5800002FF1 /* testScriptFail */; };
		245236361CE2BA4B008321E3 /* EKLanguageEngine.swift in Sources */ = {isa = PBXBuildFile; fileRef = 245236351CE2BA4B008321E3 /* EKLanguageEngine.swift */; };
		245236371CE2BA4B008321E3 /* EKLanguageEngine.swift in Sources */ = {isa = PBXBuildFile; fileRef = 245236351CE2BA4B008321E3 /* EKLanguageEngine.swift */; };
		245236391CE2BC73008321E3 /* EKOSFactory.swift in Sources */ = {isa = PBXBuildFile; fileRef = 245236381CE2BC73008321E3 /* EKOSFactory.swift */; };
		2452363A1CE2BC73008321E3 /* EKOSFactory.swift in Sources */ = {isa = PBXBuildFile; fileRef = 245236381CE2BC73008321E3 /* EKOSFactory.swift */; };
		2452363C1CE2BC95008321E3 /* EKFileManager.swift in Sources */ = {isa = PBXBuildFile; fileRef = 2452363B1CE2BC95008321E3 /* EKFileManager.swift */; };
		2452363D1CE2BC95008321E3 /* EKFileManager.swift in Sources */ = {isa = PBXBuildFile; fileRef = 2452363B1CE2BC95008321E3 /* EKFileManager.swift */; };
		245236461CE2BFBE008321E3 /* EKOSXFactory.swift in Sources */ = {isa = PBXBuildFile; fileRef = 245236451CE2BFBE008321E3 /* EKOSXFactory.swift */; };
		2452364D1CE2C492008321E3 /* EKiOSFactory.swift in Sources */ = {isa = PBXBuildFile; fileRef = 2452364C1CE2C492008321E3 /* EKiOSFactory.swift */; };
		245236571CE2C998008321E3 /* EKOSXFactory.swift in Sources */ = {isa = PBXBuildFile; fileRef = 245236451CE2BFBE008321E3 /* EKOSXFactory.swift */; };
		245236581CE2C99A008321E3 /* EKiOSFactory.swift in Sources */ = {isa = PBXBuildFile; fileRef = 2452364C1CE2C492008321E3 /* EKiOSFactory.swift */; };
		2452365A1CE2C9A0008321E3 /* EKEngine.swift in Sources */ = {isa = PBXBuildFile; fileRef = 246998901CE2B769004E24D1 /* EKEngine.swift */; };
		2452365B1CE2C9A0008321E3 /* EKLanguageEngine.swift in Sources */ = {isa = PBXBuildFile; fileRef = 245236351CE2BA4B008321E3 /* EKLanguageEngine.swift */; };
		2452365C1CE2C9A0008321E3 /* EKOSFactory.swift in Sources */ = {isa = PBXBuildFile; fileRef = 245236381CE2BC73008321E3 /* EKOSFactory.swift */; };
		2452365D1CE2C9A0008321E3 /* EKFileManager.swift in Sources */ = {isa = PBXBuildFile; fileRef = 2452363B1CE2BC95008321E3 /* EKFileManager.swift */; };
		2452365F1CE2C9A1008321E3 /* EKEngine.swift in Sources */ = {isa = PBXBuildFile; fileRef = 246998901CE2B769004E24D1 /* EKEngine.swift */; };
		245236601CE2C9A1008321E3 /* EKLanguageEngine.swift in Sources */ = {isa = PBXBuildFile; fileRef = 245236351CE2BA4B008321E3 /* EKLanguageEngine.swift */; };
		245236611CE2C9A1008321E3 /* EKOSFactory.swift in Sources */ = {isa = PBXBuildFile; fileRef = 245236381CE2BC73008321E3 /* EKOSFactory.swift */; };
		245236621CE2C9A1008321E3 /* EKFileManager.swift in Sources */ = {isa = PBXBuildFile; fileRef = 2452363B1CE2BC95008321E3 /* EKFileManager.swift */; };
		245236661CE2CA92008321E3 /* EKFoundationFileManager.swift in Sources */ = {isa = PBXBuildFile; fileRef = 245236651CE2CA92008321E3 /* EKFoundationFileManager.swift */; };
		245236671CE2CA97008321E3 /* EKFoundationFileManager.swift in Sources */ = {isa = PBXBuildFile; fileRef = 245236651CE2CA92008321E3 /* EKFoundationFileManager.swift */; };
		245236681CE2CA97008321E3 /* EKFoundationFileManager.swift in Sources */ = {isa = PBXBuildFile; fileRef = 245236651CE2CA92008321E3 /* EKFoundationFileManager.swift */; };
		245236691CE2CA99008321E3 /* EKFoundationFileManager.swift in Sources */ = {isa = PBXBuildFile; fileRef = 245236651CE2CA92008321E3 /* EKFoundationFileManager.swift */; };
		2452366D1CE2CBE0008321E3 /* test.txt in Resources */ = {isa = PBXBuildFile; fileRef = 2452366C1CE2CBE0008321E3 /* test.txt */; };
		2452366E1CE2CBE0008321E3 /* test.txt in Resources */ = {isa = PBXBuildFile; fileRef = 2452366C1CE2CBE0008321E3 /* test.txt */; };
		2460C3581CC1F73A003B2C6D /* EngineKitiOS.h in Headers */ = {isa = PBXBuildFile; fileRef = 2460C3571CC1F73A003B2C6D /* EngineKitiOS.h */; settings = {ATTRIBUTES = (Public, ); }; };
		2460C35F1CC1F73A003B2C6D /* EngineKitiOS.framework in Frameworks */ = {isa = PBXBuildFile; fileRef = 2460C3541CC1F73A003B2C6D /* EngineKitiOS.framework */; };
		2460C3741CC1F743003B2C6D /* EngineKitOSX.h in Headers */ = {isa = PBXBuildFile; fileRef = 2460C3731CC1F743003B2C6D /* EngineKitOSX.h */; settings = {ATTRIBUTES = (Public, ); }; };
		2460C37B1CC1F743003B2C6D /* EngineKitOSX.framework in Frameworks */ = {isa = PBXBuildFile; fileRef = 2460C3711CC1F743003B2C6D /* EngineKitOSX.framework */; };
		246998911CE2B769004E24D1 /* EKEngine.swift in Sources */ = {isa = PBXBuildFile; fileRef = 246998901CE2B769004E24D1 /* EKEngine.swift */; };
		246998921CE2B769004E24D1 /* EKEngine.swift in Sources */ = {isa = PBXBuildFile; fileRef = 246998901CE2B769004E24D1 /* EKEngine.swift */; };
		2478A3F11CF802A300E52272 /* EKMatrix.swift in Sources */ = {isa = PBXBuildFile; fileRef = 2478A3F01CF802A300E52272 /* EKMatrix.swift */; };
		2478A3F21CF802A300E52272 /* EKMatrix.swift in Sources */ = {isa = PBXBuildFile; fileRef = 2478A3F01CF802A300E52272 /* EKMatrix.swift */; };
		2478A3F31CF802A300E52272 /* EKMatrix.swift in Sources */ = {isa = PBXBuildFile; fileRef = 2478A3F01CF802A300E52272 /* EKMatrix.swift */; };
		2478A3F41CF802A300E52272 /* EKMatrix.swift in Sources */ = {isa = PBXBuildFile; fileRef = 2478A3F01CF802A300E52272 /* EKMatrix.swift */; };
		249D547B1CECF8C400D27F5B /* EKJSScriptable.swift in Sources */ = {isa = PBXBuildFile; fileRef = 249D547A1CECF8C400D27F5B /* EKJSScriptable.swift */; };
		249D547C1CECF8C400D27F5B /* EKJSScriptable.swift in Sources */ = {isa = PBXBuildFile; fileRef = 249D547A1CECF8C400D27F5B /* EKJSScriptable.swift */; };
		249D547D1CECF8C400D27F5B /* EKJSScriptable.swift in Sources */ = {isa = PBXBuildFile; fileRef = 249D547A1CECF8C400D27F5B /* EKJSScriptable.swift */; };
		249D547E1CECF8C400D27F5B /* EKJSScriptable.swift in Sources */ = {isa = PBXBuildFile; fileRef = 249D547A1CECF8C400D27F5B /* EKJSScriptable.swift */; };
		249D54801CED0E0800D27F5B /* EKVector2.swift in Sources */ = {isa = PBXBuildFile; fileRef = 249D547F1CED0E0800D27F5B /* EKVector2.swift */; };
		249D54811CED0E0800D27F5B /* EKVector2.swift in Sources */ = {isa = PBXBuildFile; fileRef = 249D547F1CED0E0800D27F5B /* EKVector2.swift */; };
		249D54821CED0E0800D27F5B /* EKVector2.swift in Sources */ = {isa = PBXBuildFile; fileRef = 249D547F1CED0E0800D27F5B /* EKVector2.swift */; };
		249D54831CED0E0800D27F5B /* EKVector2.swift in Sources */ = {isa = PBXBuildFile; fileRef = 249D547F1CED0E0800D27F5B /* EKVector2.swift */; };
		249D54851CED0F3D00D27F5B /* EKVector2Tests.swift in Sources */ = {isa = PBXBuildFile; fileRef = 249D54841CED0F3D00D27F5B /* EKVector2Tests.swift */; };
		249D54861CED0F3D00D27F5B /* EKVector2Tests.swift in Sources */ = {isa = PBXBuildFile; fileRef = 249D54841CED0F3D00D27F5B /* EKVector2Tests.swift */; };
		24BCCF5F1D01173400837E86 /* EKSCNNode.swift in Sources */ = {isa = PBXBuildFile; fileRef = 24BCCF5E1D01173400837E86 /* EKSCNNode.swift */; };
		24BCCF601D01173400837E86 /* EKSCNNode.swift in Sources */ = {isa = PBXBuildFile; fileRef = 24BCCF5E1D01173400837E86 /* EKSCNNode.swift */; };
		24BCCF611D01173400837E86 /* EKSCNNode.swift in Sources */ = {isa = PBXBuildFile; fileRef = 24BCCF5E1D01173400837E86 /* EKSCNNode.swift */; };
		24BCCF621D01173400837E86 /* EKSCNNode.swift in Sources */ = {isa = PBXBuildFile; fileRef = 24BCCF5E1D01173400837E86 /* EKSCNNode.swift */; };
		24CF9CDF1CED91A000D8218E /* EKJSDataClasses.swift in Sources */ = {isa = PBXBuildFile; fileRef = 24CF9CDE1CED91A000D8218E /* EKJSDataClasses.swift */; };
		24CF9CE01CED91A000D8218E /* EKJSDataClasses.swift in Sources */ = {isa = PBXBuildFile; fileRef = 24CF9CDE1CED91A000D8218E /* EKJSDataClasses.swift */; };
		24CF9CE11CED91A000D8218E /* EKJSDataClasses.swift in Sources */ = {isa = PBXBuildFile; fileRef = 24CF9CDE1CED91A000D8218E /* EKJSDataClasses.swift */; };
		24CF9CE21CED91A000D8218E /* EKJSDataClasses.swift in Sources */ = {isa = PBXBuildFile; fileRef = 24CF9CDE1CED91A000D8218E /* EKJSDataClasses.swift */; };
		24E140291CE66D27004C52B4 /* EKVector3Tests.swift in Sources */ = {isa = PBXBuildFile; fileRef = 24E140281CE66D27004C52B4 /* EKVector3Tests.swift */; };
		24E1402A1CE66D27004C52B4 /* EKVector3Tests.swift in Sources */ = {isa = PBXBuildFile; fileRef = 24E140281CE66D27004C52B4 /* EKVector3Tests.swift */; };
		24E140361CE67E4D004C52B4 /* EKVector4.swift in Sources */ = {isa = PBXBuildFile; fileRef = 24E140351CE67E4D004C52B4 /* EKVector4.swift */; };
		24E140371CE67E4D004C52B4 /* EKVector4.swift in Sources */ = {isa = PBXBuildFile; fileRef = 24E140351CE67E4D004C52B4 /* EKVector4.swift */; };
		24E140381CE67E4D004C52B4 /* EKVector4.swift in Sources */ = {isa = PBXBuildFile; fileRef = 24E140351CE67E4D004C52B4 /* EKVector4.swift */; };
		24E140391CE67E4D004C52B4 /* EKVector4.swift in Sources */ = {isa = PBXBuildFile; fileRef = 24E140351CE67E4D004C52B4 /* EKVector4.swift */; };
		24E1403C1CE68398004C52B4 /* EKVector4Tests.swift in Sources */ = {isa = PBXBuildFile; fileRef = 24E1403A1CE68398004C52B4 /* EKVector4Tests.swift */; };
		24E1403E1CE68398004C52B4 /* EKVector4Tests.swift in Sources */ = {isa = PBXBuildFile; fileRef = 24E1403A1CE68398004C52B4 /* EKVector4Tests.swift */; };
		24E140401CE68E7B004C52B4 /* EKColorTests.swift in Sources */ = {isa = PBXBuildFile; fileRef = 24E1403F1CE68E7B004C52B4 /* EKColorTests.swift */; };
		24E140411CE68E7B004C52B4 /* EKColorTests.swift in Sources */ = {isa = PBXBuildFile; fileRef = 24E1403F1CE68E7B004C52B4 /* EKColorTests.swift */; };
		24E140431CE799AD004C52B4 /* EKOSXProtocolTests.swift in Sources */ = {isa = PBXBuildFile; fileRef = 24E140421CE799AD004C52B4 /* EKOSXProtocolTests.swift */; };
		24E140451CE7A195004C52B4 /* EKTestsExtension.swift in Sources */ = {isa = PBXBuildFile; fileRef = 24E140441CE7A195004C52B4 /* EKTestsExtension.swift */; };
		24E140461CE7A195004C52B4 /* EKTestsExtension.swift in Sources */ = {isa = PBXBuildFile; fileRef = 24E140441CE7A195004C52B4 /* EKTestsExtension.swift */; };
		24E140481CE7A1CB004C52B4 /* EKiOSProtocolTests.swift in Sources */ = {isa = PBXBuildFile; fileRef = 24E140471CE7A1CB004C52B4 /* EKiOSProtocolTests.swift */; };
		24E39E931CE51B220096ADDF /* EKSwiftExtensions.swift in Sources */ = {isa = PBXBuildFile; fileRef = 24E39E921CE51B220096ADDF /* EKSwiftExtensions.swift */; };
		24E39E941CE51B220096ADDF /* EKSwiftExtensions.swift in Sources */ = {isa = PBXBuildFile; fileRef = 24E39E921CE51B220096ADDF /* EKSwiftExtensions.swift */; };
		24E39E951CE51B220096ADDF /* EKSwiftExtensions.swift in Sources */ = {isa = PBXBuildFile; fileRef = 24E39E921CE51B220096ADDF /* EKSwiftExtensions.swift */; };
		24E39E961CE51B220096ADDF /* EKSwiftExtensions.swift in Sources */ = {isa = PBXBuildFile; fileRef = 24E39E921CE51B220096ADDF /* EKSwiftExtensions.swift */; };
		24E39E981CE5350B0096ADDF /* EKVector3.swift in Sources */ = {isa = PBXBuildFile; fileRef = 24E39E971CE5350B0096ADDF /* EKVector3.swift */; };
		24E39E991CE5350B0096ADDF /* EKVector3.swift in Sources */ = {isa = PBXBuildFile; fileRef = 24E39E971CE5350B0096ADDF /* EKVector3.swift */; };
		24E39E9A1CE5350B0096ADDF /* EKVector3.swift in Sources */ = {isa = PBXBuildFile; fileRef = 24E39E971CE5350B0096ADDF /* EKVector3.swift */; };
		24E39E9B1CE5350B0096ADDF /* EKVector3.swift in Sources */ = {isa = PBXBuildFile; fileRef = 24E39E971CE5350B0096ADDF /* EKVector3.swift */; };
		24FE17F81CE3846800287B82 /* EKJSCoreEngine.swift in Sources */ = {isa = PBXBuildFile; fileRef = 24FE17F71CE3846800287B82 /* EKJSCoreEngine.swift */; };
		24FE17F91CE3846800287B82 /* EKJSCoreEngine.swift in Sources */ = {isa = PBXBuildFile; fileRef = 24FE17F71CE3846800287B82 /* EKJSCoreEngine.swift */; };
		24FE17FA1CE3846800287B82 /* EKJSCoreEngine.swift in Sources */ = {isa = PBXBuildFile; fileRef = 24FE17F71CE3846800287B82 /* EKJSCoreEngine.swift */; };
		24FE17FB1CE3846800287B82 /* EKJSCoreEngine.swift in Sources */ = {isa = PBXBuildFile; fileRef = 24FE17F71CE3846800287B82 /* EKJSCoreEngine.swift */; };
		24FE17FD1CE3847C00287B82 /* JavaScriptCore.framework in Frameworks */ = {isa = PBXBuildFile; fileRef = 24FE17FC1CE3847C00287B82 /* JavaScriptCore.framework */; };
		24FE17FF1CE3848200287B82 /* JavaScriptCore.framework in Frameworks */ = {isa = PBXBuildFile; fileRef = 24FE17FE1CE3848200287B82 /* JavaScriptCore.framework */; };
		24FE18071CE387A100287B82 /* EKJSCoreEngineTests.swift in Sources */ = {isa = PBXBuildFile; fileRef = 24FE18061CE387A100287B82 /* EKJSCoreEngineTests.swift */; };
		24FE18081CE387A100287B82 /* EKJSCoreEngineTests.swift in Sources */ = {isa = PBXBuildFile; fileRef = 24FE18061CE387A100287B82 /* EKJSCoreEngineTests.swift */; };
		24FE18141CE3A4BB00287B82 /* SceneKit.framework in Frameworks */ = {isa = PBXBuildFile; fileRef = 24FE18131CE3A4BB00287B82 /* SceneKit.framework */; };
		24FE18161CE3A4C000287B82 /* SceneKit.framework in Frameworks */ = {isa = PBXBuildFile; fileRef = 24FE18151CE3A4C000287B82 /* SceneKit.framework */; };
		24FE18181CE3A54000287B82 /* EKAddon.swift in Sources */ = {isa = PBXBuildFile; fileRef = 24FE18171CE3A54000287B82 /* EKAddon.swift */; };
		24FE18191CE3A54000287B82 /* EKAddon.swift in Sources */ = {isa = PBXBuildFile; fileRef = 24FE18171CE3A54000287B82 /* EKAddon.swift */; };
		24FE181A1CE3A54000287B82 /* EKAddon.swift in Sources */ = {isa = PBXBuildFile; fileRef = 24FE18171CE3A54000287B82 /* EKAddon.swift */; };
		24FE181B1CE3A54000287B82 /* EKAddon.swift in Sources */ = {isa = PBXBuildFile; fileRef = 24FE18171CE3A54000287B82 /* EKAddon.swift */; };
		24FE181D1CE3A56C00287B82 /* EKSceneKitAddon.swift in Sources */ = {isa = PBXBuildFile; fileRef = 24FE181C1CE3A56C00287B82 /* EKSceneKitAddon.swift */; };
		24FE181E1CE3A56C00287B82 /* EKSceneKitAddon.swift in Sources */ = {isa = PBXBuildFile; fileRef = 24FE181C1CE3A56C00287B82 /* EKSceneKitAddon.swift */; };
		24FE181F1CE3A56C00287B82 /* EKSceneKitAddon.swift in Sources */ = {isa = PBXBuildFile; fileRef = 24FE181C1CE3A56C00287B82 /* EKSceneKitAddon.swift */; };
		24FE18201CE3A56C00287B82 /* EKSceneKitAddon.swift in Sources */ = {isa = PBXBuildFile; fileRef = 24FE181C1CE3A56C00287B82 /* EKSceneKitAddon.swift */; };
		24FE18371CE3BC8500287B82 /* EKColor.swift in Sources */ = {isa = PBXBuildFile; fileRef = 24FE18361CE3BC8500287B82 /* EKColor.swift */; };
		24FE18381CE3BC8500287B82 /* EKColor.swift in Sources */ = {isa = PBXBuildFile; fileRef = 24FE18361CE3BC8500287B82 /* EKColor.swift */; };
		24FE18391CE3BC8500287B82 /* EKColor.swift in Sources */ = {isa = PBXBuildFile; fileRef = 24FE18361CE3BC8500287B82 /* EKColor.swift */; };
		24FE183A1CE3BC8500287B82 /* EKColor.swift in Sources */ = {isa = PBXBuildFile; fileRef = 24FE18361CE3BC8500287B82 /* EKColor.swift */; };
		24FE183D1CE3CA4000287B82 /* EKFileManagerTests.swift in Sources */ = {isa = PBXBuildFile; fileRef = 24FE183B1CE3CA4000287B82 /* EKFileManagerTests.swift */; };
		24FE183F1CE3CA4000287B82 /* EKFileManagerTests.swift in Sources */ = {isa = PBXBuildFile; fileRef = 24FE183B1CE3CA4000287B82 /* EKFileManagerTests.swift */; };
		24FE18451CE3CC1E00287B82 /* testClassScript in Resources */ = {isa = PBXBuildFile; fileRef = 24FE18441CE3CC1E00287B82 /* testClassScript */; };
		24FE18461CE3CC1E00287B82 /* testClassScript in Resources */ = {isa = PBXBuildFile; fileRef = 24FE18441CE3CC1E00287B82 /* testClassScript */; };
		24FE18481CE3CC3400287B82 /* testScript in Resources */ = {isa = PBXBuildFile; fileRef = 24FE18471CE3CC3400287B82 /* testScript */; };
		24FE18491CE3CC3400287B82 /* testScript in Resources */ = {isa = PBXBuildFile; fileRef = 24FE18471CE3CC3400287B82 /* testScript */; };
		24FE18511CE3E9ED00287B82 /* EKLanguageEngineTests.swift in Sources */ = {isa = PBXBuildFile; fileRef = 24FE18501CE3E9ED00287B82 /* EKLanguageEngineTests.swift */; };
		24FE18521CE3E9ED00287B82 /* EKLanguageEngineTests.swift in Sources */ = {isa = PBXBuildFile; fileRef = 24FE18501CE3E9ED00287B82 /* EKLanguageEngineTests.swift */; };
/* End PBXBuildFile section */

/* Begin PBXContainerItemProxy section */
		2460C3601CC1F73A003B2C6D /* PBXContainerItemProxy */ = {
			isa = PBXContainerItemProxy;
			containerPortal = 2460C3491CC1F730003B2C6D /* Project object */;
			proxyType = 1;
			remoteGlobalIDString = 2460C3531CC1F73A003B2C6D;
			remoteInfo = EngineKitiOS;
		};
		2460C37C1CC1F743003B2C6D /* PBXContainerItemProxy */ = {
			isa = PBXContainerItemProxy;
			containerPortal = 2460C3491CC1F730003B2C6D /* Project object */;
			proxyType = 1;
			remoteGlobalIDString = 2460C3701CC1F743003B2C6D;
			remoteInfo = EngineKitOSX;
		};
/* End PBXContainerItemProxy section */

/* Begin PBXFileReference section */
		2418DF0B1D01F5EC00473C0B /* EKAppKitInputAddon.swift */ = {isa = PBXFileReference; fileEncoding = 4; lastKnownFileType = sourcecode.swift; path = EKAppKitInputAddon.swift; sourceTree = "<group>"; };
		242EBABF1CEA4894001E5025 /* EKUIKitInputAddon.swift */ = {isa = PBXFileReference; fileEncoding = 4; lastKnownFileType = sourcecode.swift; path = EKUIKitInputAddon.swift; sourceTree = "<group>"; };
		242EBAC21CEA7EBE001E5025 /* EKEvent.swift */ = {isa = PBXFileReference; fileEncoding = 4; lastKnownFileType = sourcecode.swift; name = EKEvent.swift; path = EngineKitCore/EKEvent.swift; sourceTree = SOURCE_ROOT; };
		244FBF231CEF9B5800002FF1 /* testScriptFail */ = {isa = PBXFileReference; fileEncoding = 4; lastKnownFileType = text; name = testScriptFail; path = EngineKitCoreTests/testScriptFail; sourceTree = SOURCE_ROOT; };
		245236351CE2BA4B008321E3 /* EKLanguageEngine.swift */ = {isa = PBXFileReference; fileEncoding = 4; lastKnownFileType = sourcecode.swift; lineEnding = 0; name = EKLanguageEngine.swift; path = EngineKitCore/EKLanguageEngine.swift; sourceTree = SOURCE_ROOT; xcLanguageSpecificationIdentifier = xcode.lang.swift; };
		245236381CE2BC73008321E3 /* EKOSFactory.swift */ = {isa = PBXFileReference; fileEncoding = 4; lastKnownFileType = sourcecode.swift; name = EKOSFactory.swift; path = EngineKitCore/EKOSFactory.swift; sourceTree = SOURCE_ROOT; };
		2452363B1CE2BC95008321E3 /* EKFileManager.swift */ = {isa = PBXFileReference; fileEncoding = 4; lastKnownFileType = sourcecode.swift; name = EKFileManager.swift; path = EngineKitCore/EKFileManager.swift; sourceTree = SOURCE_ROOT; };
		245236451CE2BFBE008321E3 /* EKOSXFactory.swift */ = {isa = PBXFileReference; fileEncoding = 4; lastKnownFileType = sourcecode.swift; lineEnding = 0; path = EKOSXFactory.swift; sourceTree = "<group>"; xcLanguageSpecificationIdentifier = xcode.lang.swift; };
		2452364C1CE2C492008321E3 /* EKiOSFactory.swift */ = {isa = PBXFileReference; fileEncoding = 4; lastKnownFileType = sourcecode.swift; lineEnding = 0; path = EKiOSFactory.swift; sourceTree = "<group>"; xcLanguageSpecificationIdentifier = xcode.lang.swift; };
		245236651CE2CA92008321E3 /* EKFoundationFileManager.swift */ = {isa = PBXFileReference; fileEncoding = 4; lastKnownFileType = sourcecode.swift; path = EKFoundationFileManager.swift; sourceTree = "<group>"; };
		2452366C1CE2CBE0008321E3 /* test.txt */ = {isa = PBXFileReference; fileEncoding = 4; lastKnownFileType = text; name = test.txt; path = EngineKitFoundationTests/test.txt; sourceTree = SOURCE_ROOT; };
		2460C3541CC1F73A003B2C6D /* EngineKitiOS.framework */ = {isa = PBXFileReference; explicitFileType = wrapper.framework; includeInIndex = 0; path = EngineKitiOS.framework; sourceTree = BUILT_PRODUCTS_DIR; };
		2460C3571CC1F73A003B2C6D /* EngineKitiOS.h */ = {isa = PBXFileReference; lastKnownFileType = sourcecode.c.h; path = EngineKitiOS.h; sourceTree = "<group>"; };
		2460C3591CC1F73A003B2C6D /* Info.plist */ = {isa = PBXFileReference; lastKnownFileType = text.plist.xml; path = Info.plist; sourceTree = "<group>"; };
		2460C35E1CC1F73A003B2C6D /* EngineKitiOSTests.xctest */ = {isa = PBXFileReference; explicitFileType = wrapper.cfbundle; includeInIndex = 0; path = EngineKitiOSTests.xctest; sourceTree = BUILT_PRODUCTS_DIR; };
		2460C3651CC1F73A003B2C6D /* Info.plist */ = {isa = PBXFileReference; lastKnownFileType = text.plist.xml; path = Info.plist; sourceTree = "<group>"; };
		2460C3711CC1F743003B2C6D /* EngineKitOSX.framework */ = {isa = PBXFileReference; explicitFileType = wrapper.framework; includeInIndex = 0; path = EngineKitOSX.framework; sourceTree = BUILT_PRODUCTS_DIR; };
		2460C3731CC1F743003B2C6D /* EngineKitOSX.h */ = {isa = PBXFileReference; lastKnownFileType = sourcecode.c.h; path = EngineKitOSX.h; sourceTree = "<group>"; };
		2460C3751CC1F743003B2C6D /* Info.plist */ = {isa = PBXFileReference; lastKnownFileType = text.plist.xml; path = Info.plist; sourceTree = "<group>"; };
		2460C37A1CC1F743003B2C6D /* EngineKitOSXTests.xctest */ = {isa = PBXFileReference; explicitFileType = wrapper.cfbundle; includeInIndex = 0; path = EngineKitOSXTests.xctest; sourceTree = BUILT_PRODUCTS_DIR; };
		2460C3811CC1F743003B2C6D /* Info.plist */ = {isa = PBXFileReference; lastKnownFileType = text.plist.xml; path = Info.plist; sourceTree = "<group>"; };
		246998901CE2B769004E24D1 /* EKEngine.swift */ = {isa = PBXFileReference; fileEncoding = 4; lastKnownFileType = sourcecode.swift; lineEnding = 0; name = EKEngine.swift; path = EngineKitCore/EKEngine.swift; sourceTree = SOURCE_ROOT; xcLanguageSpecificationIdentifier = xcode.lang.swift; };
		2478A3F01CF802A300E52272 /* EKMatrix.swift */ = {isa = PBXFileReference; fileEncoding = 4; lastKnownFileType = sourcecode.swift; name = EKMatrix.swift; path = ../EngineKitCore/EKMatrix.swift; sourceTree = "<group>"; };
		249D547A1CECF8C400D27F5B /* EKJSScriptable.swift */ = {isa = PBXFileReference; fileEncoding = 4; lastKnownFileType = sourcecode.swift; name = EKJSScriptable.swift; path = EngineKitFoundation/EKJSScriptable.swift; sourceTree = SOURCE_ROOT; };
		249D547F1CED0E0800D27F5B /* EKVector2.swift */ = {isa = PBXFileReference; fileEncoding = 4; lastKnownFileType = sourcecode.swift; name = EKVector2.swift; path = EngineKitCore/EKVector2.swift; sourceTree = SOURCE_ROOT; };
		249D54841CED0F3D00D27F5B /* EKVector2Tests.swift */ = {isa = PBXFileReference; fileEncoding = 4; lastKnownFileType = sourcecode.swift; name = EKVector2Tests.swift; path = EngineKitCoreTests/EKVector2Tests.swift; sourceTree = SOURCE_ROOT; };
		24B14F141D0751CD00B38098 /* EKUnixSwiftExtensions.swift */ = {isa = PBXFileReference; lastKnownFileType = sourcecode.swift; name = EKUnixSwiftExtensions.swift; path = EngineKitUnix/EKUnixSwiftExtensions.swift; sourceTree = SOURCE_ROOT; };
		24BCCF5E1D01173400837E86 /* EKSCNNode.swift */ = {isa = PBXFileReference; fileEncoding = 4; lastKnownFileType = sourcecode.swift; name = EKSCNNode.swift; path = ../EngineKitFoundation/EKSCNNode.swift; sourceTree = "<group>"; };
		24CF9CDE1CED91A000D8218E /* EKJSDataClasses.swift */ = {isa = PBXFileReference; fileEncoding = 4; lastKnownFileType = sourcecode.swift; name = EKJSDataClasses.swift; path = EngineKitFoundation/EKJSDataClasses.swift; sourceTree = SOURCE_ROOT; };
		24E140281CE66D27004C52B4 /* EKVector3Tests.swift */ = {isa = PBXFileReference; fileEncoding = 4; lastKnownFileType = sourcecode.swift; lineEnding = 0; name = EKVector3Tests.swift; path = EngineKitCoreTests/EKVector3Tests.swift; sourceTree = SOURCE_ROOT; xcLanguageSpecificationIdentifier = xcode.lang.swift; };
		24E140351CE67E4D004C52B4 /* EKVector4.swift */ = {isa = PBXFileReference; fileEncoding = 4; lastKnownFileType = sourcecode.swift; name = EKVector4.swift; path = EngineKitCore/EKVector4.swift; sourceTree = SOURCE_ROOT; };
		24E1403A1CE68398004C52B4 /* EKVector4Tests.swift */ = {isa = PBXFileReference; fileEncoding = 4; lastKnownFileType = sourcecode.swift; name = EKVector4Tests.swift; path = EngineKitCoreTests/EKVector4Tests.swift; sourceTree = SOURCE_ROOT; };
		24E1403F1CE68E7B004C52B4 /* EKColorTests.swift */ = {isa = PBXFileReference; fileEncoding = 4; lastKnownFileType = sourcecode.swift; name = EKColorTests.swift; path = EngineKitCoreTests/EKColorTests.swift; sourceTree = SOURCE_ROOT; };
		24E140421CE799AD004C52B4 /* EKOSXProtocolTests.swift */ = {isa = PBXFileReference; fileEncoding = 4; lastKnownFileType = sourcecode.swift; path = EKOSXProtocolTests.swift; sourceTree = "<group>"; };
		24E140441CE7A195004C52B4 /* EKTestsExtension.swift */ = {isa = PBXFileReference; fileEncoding = 4; lastKnownFileType = sourcecode.swift; name = EKTestsExtension.swift; path = EngineKitCoreTests/EKTestsExtension.swift; sourceTree = SOURCE_ROOT; };
		24E140471CE7A1CB004C52B4 /* EKiOSProtocolTests.swift */ = {isa = PBXFileReference; fileEncoding = 4; lastKnownFileType = sourcecode.swift; name = EKiOSProtocolTests.swift; path = EngineKitiOSTests/EKiOSProtocolTests.swift; sourceTree = SOURCE_ROOT; };
		24E39E921CE51B220096ADDF /* EKSwiftExtensions.swift */ = {isa = PBXFileReference; fileEncoding = 4; lastKnownFileType = sourcecode.swift; name = EKSwiftExtensions.swift; path = EngineKitCore/EKSwiftExtensions.swift; sourceTree = SOURCE_ROOT; };
		24E39E971CE5350B0096ADDF /* EKVector3.swift */ = {isa = PBXFileReference; fileEncoding = 4; lastKnownFileType = sourcecode.swift; lineEnding = 0; name = EKVector3.swift; path = EngineKitCore/EKVector3.swift; sourceTree = SOURCE_ROOT; };
		24FE17F71CE3846800287B82 /* EKJSCoreEngine.swift */ = {isa = PBXFileReference; fileEncoding = 4; lastKnownFileType = sourcecode.swift; lineEnding = 0; name = EKJSCoreEngine.swift; path = EngineKitFoundation/EKJSCoreEngine.swift; sourceTree = SOURCE_ROOT; xcLanguageSpecificationIdentifier = xcode.lang.swift; };
		24FE17FC1CE3847C00287B82 /* JavaScriptCore.framework */ = {isa = PBXFileReference; lastKnownFileType = wrapper.framework; name = JavaScriptCore.framework; path = System/Library/Frameworks/JavaScriptCore.framework; sourceTree = SDKROOT; };
		24FE17FE1CE3848200287B82 /* JavaScriptCore.framework */ = {isa = PBXFileReference; lastKnownFileType = wrapper.framework; name = JavaScriptCore.framework; path = Platforms/iPhoneOS.platform/Developer/SDKs/iPhoneOS9.3.sdk/System/Library/Frameworks/JavaScriptCore.framework; sourceTree = DEVELOPER_DIR; };
		24FE18061CE387A100287B82 /* EKJSCoreEngineTests.swift */ = {isa = PBXFileReference; fileEncoding = 4; lastKnownFileType = sourcecode.swift; lineEnding = 0; name = EKJSCoreEngineTests.swift; path = EngineKitFoundationTests/EKJSCoreEngineTests.swift; sourceTree = SOURCE_ROOT; xcLanguageSpecificationIdentifier = xcode.lang.swift; };
		24FE18131CE3A4BB00287B82 /* SceneKit.framework */ = {isa = PBXFileReference; lastKnownFileType = wrapper.framework; name = SceneKit.framework; path = Platforms/iPhoneOS.platform/Developer/SDKs/iPhoneOS9.3.sdk/System/Library/Frameworks/SceneKit.framework; sourceTree = DEVELOPER_DIR; };
		24FE18151CE3A4C000287B82 /* SceneKit.framework */ = {isa = PBXFileReference; lastKnownFileType = wrapper.framework; name = SceneKit.framework; path = System/Library/Frameworks/SceneKit.framework; sourceTree = SDKROOT; };
		24FE18171CE3A54000287B82 /* EKAddon.swift */ = {isa = PBXFileReference; fileEncoding = 4; lastKnownFileType = sourcecode.swift; lineEnding = 0; name = EKAddon.swift; path = EngineKitCore/EKAddon.swift; sourceTree = SOURCE_ROOT; xcLanguageSpecificationIdentifier = xcode.lang.swift; };
		24FE181C1CE3A56C00287B82 /* EKSceneKitAddon.swift */ = {isa = PBXFileReference; fileEncoding = 4; lastKnownFileType = sourcecode.swift; lineEnding = 0; name = EKSceneKitAddon.swift; path = EngineKitFoundation/EKSceneKitAddon.swift; sourceTree = SOURCE_ROOT; xcLanguageSpecificationIdentifier = xcode.lang.swift; };
		24FE18361CE3BC8500287B82 /* EKColor.swift */ = {isa = PBXFileReference; fileEncoding = 4; lastKnownFileType = sourcecode.swift; lineEnding = 0; name = EKColor.swift; path = EngineKitCore/EKColor.swift; sourceTree = SOURCE_ROOT; };
		24FE183B1CE3CA4000287B82 /* EKFileManagerTests.swift */ = {isa = PBXFileReference; fileEncoding = 4; lastKnownFileType = sourcecode.swift; name = EKFileManagerTests.swift; path = EngineKitCoreTests/EKFileManagerTests.swift; sourceTree = SOURCE_ROOT; };
		24FE18441CE3CC1E00287B82 /* testClassScript */ = {isa = PBXFileReference; fileEncoding = 4; lastKnownFileType = text; name = testClassScript; path = EngineKitCoreTests/testClassScript; sourceTree = SOURCE_ROOT; };
		24FE18471CE3CC3400287B82 /* testScript */ = {isa = PBXFileReference; fileEncoding = 4; lastKnownFileType = text; name = testScript; path = EngineKitCoreTests/testScript; sourceTree = SOURCE_ROOT; };
		24FE18501CE3E9ED00287B82 /* EKLanguageEngineTests.swift */ = {isa = PBXFileReference; fileEncoding = 4; lastKnownFileType = sourcecode.swift; lineEnding = 0; name = EKLanguageEngineTests.swift; path = EngineKitCoreTests/EKLanguageEngineTests.swift; sourceTree = SOURCE_ROOT; xcLanguageSpecificationIdentifier = xcode.lang.swift; };
/* End PBXFileReference section */

/* Begin PBXFrameworksBuildPhase section */
		2460C3501CC1F73A003B2C6D /* Frameworks */ = {
			isa = PBXFrameworksBuildPhase;
			buildActionMask = 2147483647;
			files = (
				24FE18141CE3A4BB00287B82 /* SceneKit.framework in Frameworks */,
				24FE17FF1CE3848200287B82 /* JavaScriptCore.framework in Frameworks */,
			);
			runOnlyForDeploymentPostprocessing = 0;
		};
		2460C35B1CC1F73A003B2C6D /* Frameworks */ = {
			isa = PBXFrameworksBuildPhase;
			buildActionMask = 2147483647;
			files = (
				2460C35F1CC1F73A003B2C6D /* EngineKitiOS.framework in Frameworks */,
			);
			runOnlyForDeploymentPostprocessing = 0;
		};
		2460C36D1CC1F743003B2C6D /* Frameworks */ = {
			isa = PBXFrameworksBuildPhase;
			buildActionMask = 2147483647;
			files = (
				24FE18161CE3A4C000287B82 /* SceneKit.framework in Frameworks */,
				24FE17FD1CE3847C00287B82 /* JavaScriptCore.framework in Frameworks */,
			);
			runOnlyForDeploymentPostprocessing = 0;
		};
		2460C3771CC1F743003B2C6D /* Frameworks */ = {
			isa = PBXFrameworksBuildPhase;
			buildActionMask = 2147483647;
			files = (
				2460C37B1CC1F743003B2C6D /* EngineKitOSX.framework in Frameworks */,
			);
			runOnlyForDeploymentPostprocessing = 0;
		};
/* End PBXFrameworksBuildPhase section */

/* Begin PBXGroup section */
		242EBABE1CEA42BD001E5025 /* Tests */ = {
			isa = PBXGroup;
			children = (
				24FE18401CE3CA4B00287B82 /* EngineKitCoreTests */,
				2452366A1CE2CAA8008321E3 /* EngineKitFoundationTests */,
				2460C37E1CC1F743003B2C6D /* EngineKitOSXTests */,
				2460C3621CC1F73A003B2C6D /* EngineKitiOSTests */,
			);
			name = Tests;
			sourceTree = "<group>";
		};
		245236541CE2C5AB008321E3 /* EngineKitFoundation */ = {
			isa = PBXGroup;
			children = (
				245236651CE2CA92008321E3 /* EKFoundationFileManager.swift */,
				24FE17F71CE3846800287B82 /* EKJSCoreEngine.swift */,
				249D547A1CECF8C400D27F5B /* EKJSScriptable.swift */,
				24CF9CDE1CED91A000D8218E /* EKJSDataClasses.swift */,
				24FE181C1CE3A56C00287B82 /* EKSceneKitAddon.swift */,
				24BCCF5E1D01173400837E86 /* EKSCNNode.swift */,
			);
			name = EngineKitFoundation;
			path = EngineKitOSX;
			sourceTree = "<group>";
		};
		2452366A1CE2CAA8008321E3 /* EngineKitFoundationTests */ = {
			isa = PBXGroup;
			children = (
				24FE18061CE387A100287B82 /* EKJSCoreEngineTests.swift */,
				2452366C1CE2CBE0008321E3 /* test.txt */,
			);
			name = EngineKitFoundationTests;
			path = EngineKitOSXTests;
			sourceTree = "<group>";
		};
		2460C3481CC1F730003B2C6D = {
			isa = PBXGroup;
			children = (
				2460C3911CC1F836003B2C6D /* EngineKitCore */,
				245236541CE2C5AB008321E3 /* EngineKitFoundation */,
				2460C3561CC1F73A003B2C6D /* EngineKitiOS */,
				2460C3721CC1F743003B2C6D /* EngineKitOSX */,
				24B14F151D0751D100B38098 /* EngineKitUnix */,
				242EBABE1CEA42BD001E5025 /* Tests */,
				2460C3551CC1F73A003B2C6D /* Products */,
				24FE18001CE3848700287B82 /* Frameworks */,
			);
			sourceTree = "<group>";
		};
		2460C3551CC1F73A003B2C6D /* Products */ = {
			isa = PBXGroup;
			children = (
				2460C3541CC1F73A003B2C6D /* EngineKitiOS.framework */,
				2460C35E1CC1F73A003B2C6D /* EngineKitiOSTests.xctest */,
				2460C3711CC1F743003B2C6D /* EngineKitOSX.framework */,
				2460C37A1CC1F743003B2C6D /* EngineKitOSXTests.xctest */,
			);
			name = Products;
			sourceTree = "<group>";
		};
		2460C3561CC1F73A003B2C6D /* EngineKitiOS */ = {
			isa = PBXGroup;
			children = (
				2460C3571CC1F73A003B2C6D /* EngineKitiOS.h */,
				2452364C1CE2C492008321E3 /* EKiOSFactory.swift */,
				242EBABF1CEA4894001E5025 /* EKUIKitInputAddon.swift */,
				2460C3591CC1F73A003B2C6D /* Info.plist */,
			);
			path = EngineKitiOS;
			sourceTree = "<group>";
		};
		2460C3621CC1F73A003B2C6D /* EngineKitiOSTests */ = {
			isa = PBXGroup;
			children = (
				24E140471CE7A1CB004C52B4 /* EKiOSProtocolTests.swift */,
				2460C3651CC1F73A003B2C6D /* Info.plist */,
			);
			path = EngineKitiOSTests;
			sourceTree = "<group>";
		};
		2460C3721CC1F743003B2C6D /* EngineKitOSX */ = {
			isa = PBXGroup;
			children = (
				2460C3731CC1F743003B2C6D /* EngineKitOSX.h */,
				245236451CE2BFBE008321E3 /* EKOSXFactory.swift */,
				2418DF0B1D01F5EC00473C0B /* EKAppKitInputAddon.swift */,
				2460C3751CC1F743003B2C6D /* Info.plist */,
			);
			path = EngineKitOSX;
			sourceTree = "<group>";
		};
		2460C37E1CC1F743003B2C6D /* EngineKitOSXTests */ = {
			isa = PBXGroup;
			children = (
				24E140421CE799AD004C52B4 /* EKOSXProtocolTests.swift */,
				2460C3811CC1F743003B2C6D /* Info.plist */,
			);
			path = EngineKitOSXTests;
			sourceTree = "<group>";
		};
		2460C3911CC1F836003B2C6D /* EngineKitCore */ = {
			isa = PBXGroup;
			children = (
				242EBAC21CEA7EBE001E5025 /* EKEvent.swift */,
				246998901CE2B769004E24D1 /* EKEngine.swift */,
				245236351CE2BA4B008321E3 /* EKLanguageEngine.swift */,
				24FE18171CE3A54000287B82 /* EKAddon.swift */,
				245236381CE2BC73008321E3 /* EKOSFactory.swift */,
				2452363B1CE2BC95008321E3 /* EKFileManager.swift */,
				24E39E921CE51B220096ADDF /* EKSwiftExtensions.swift */,
				24E39E9C1CE535110096ADDF /* Data Protocols */,
			);
			name = EngineKitCore;
			path = EngineKitOSX;
			sourceTree = "<group>";
		};
		24B14F151D0751D100B38098 /* EngineKitUnix */ = {
			isa = PBXGroup;
			children = (
				24B14F141D0751CD00B38098 /* EKUnixSwiftExtensions.swift */,
			);
			name = EngineKitUnix;
			path = EngineKitOSX;
			sourceTree = "<group>";
		};
		24E39E9C1CE535110096ADDF /* Data Protocols */ = {
			isa = PBXGroup;
			children = (
				24FE18361CE3BC8500287B82 /* EKColor.swift */,
				249D547F1CED0E0800D27F5B /* EKVector2.swift */,
				24E39E971CE5350B0096ADDF /* EKVector3.swift */,
				24E140351CE67E4D004C52B4 /* EKVector4.swift */,
				2478A3F01CF802A300E52272 /* EKMatrix.swift */,
			);
			name = "Data Protocols";
			sourceTree = "<group>";
		};
		24FE18001CE3848700287B82 /* Frameworks */ = {
			isa = PBXGroup;
			children = (
				24FE18151CE3A4C000287B82 /* SceneKit.framework */,
				24FE18131CE3A4BB00287B82 /* SceneKit.framework */,
				24FE17FE1CE3848200287B82 /* JavaScriptCore.framework */,
				24FE17FC1CE3847C00287B82 /* JavaScriptCore.framework */,
			);
			name = Frameworks;
			sourceTree = "<group>";
		};
		24FE18401CE3CA4B00287B82 /* EngineKitCoreTests */ = {
			isa = PBXGroup;
			children = (
				24FE183B1CE3CA4000287B82 /* EKFileManagerTests.swift */,
				24FE18501CE3E9ED00287B82 /* EKLanguageEngineTests.swift */,
				249D54841CED0F3D00D27F5B /* EKVector2Tests.swift */,
				24E140281CE66D27004C52B4 /* EKVector3Tests.swift */,
				24E1403A1CE68398004C52B4 /* EKVector4Tests.swift */,
				24E1403F1CE68E7B004C52B4 /* EKColorTests.swift */,
				24E140441CE7A195004C52B4 /* EKTestsExtension.swift */,
				24FE18441CE3CC1E00287B82 /* testClassScript */,
				24FE18471CE3CC3400287B82 /* testScript */,
				244FBF231CEF9B5800002FF1 /* testScriptFail */,
			);
			name = EngineKitCoreTests;
			path = EngineKitOSXTests;
			sourceTree = "<group>";
		};
/* End PBXGroup section */

/* Begin PBXHeadersBuildPhase section */
		2460C3511CC1F73A003B2C6D /* Headers */ = {
			isa = PBXHeadersBuildPhase;
			buildActionMask = 2147483647;
			files = (
				2460C3581CC1F73A003B2C6D /* EngineKitiOS.h in Headers */,
			);
			runOnlyForDeploymentPostprocessing = 0;
		};
		2460C36E1CC1F743003B2C6D /* Headers */ = {
			isa = PBXHeadersBuildPhase;
			buildActionMask = 2147483647;
			files = (
				2460C3741CC1F743003B2C6D /* EngineKitOSX.h in Headers */,
			);
			runOnlyForDeploymentPostprocessing = 0;
		};
/* End PBXHeadersBuildPhase section */

/* Begin PBXNativeTarget section */
		2460C3531CC1F73A003B2C6D /* EngineKitiOS */ = {
			isa = PBXNativeTarget;
			buildConfigurationList = 2460C3661CC1F73A003B2C6D /* Build configuration list for PBXNativeTarget "EngineKitiOS" */;
			buildPhases = (
				2460C34F1CC1F73A003B2C6D /* Sources */,
				2460C3501CC1F73A003B2C6D /* Frameworks */,
				2460C3511CC1F73A003B2C6D /* Headers */,
				2460C3521CC1F73A003B2C6D /* Resources */,
				246998941CE2B899004E24D1 /* Swift Lint */,
			);
			buildRules = (
			);
			dependencies = (
			);
			name = EngineKitiOS;
			productName = EngineKitiOS;
			productReference = 2460C3541CC1F73A003B2C6D /* EngineKitiOS.framework */;
			productType = "com.apple.product-type.framework";
		};
		2460C35D1CC1F73A003B2C6D /* EngineKitiOSTests */ = {
			isa = PBXNativeTarget;
			buildConfigurationList = 2460C3691CC1F73A003B2C6D /* Build configuration list for PBXNativeTarget "EngineKitiOSTests" */;
			buildPhases = (
				2460C35A1CC1F73A003B2C6D /* Sources */,
				2460C35B1CC1F73A003B2C6D /* Frameworks */,
				2460C35C1CC1F73A003B2C6D /* Resources */,
				24E1402B1CE67A22004C52B4 /* Swift Lint */,
			);
			buildRules = (
			);
			dependencies = (
				2460C3611CC1F73A003B2C6D /* PBXTargetDependency */,
			);
			name = EngineKitiOSTests;
			productName = EngineKitiOSTests;
			productReference = 2460C35E1CC1F73A003B2C6D /* EngineKitiOSTests.xctest */;
			productType = "com.apple.product-type.bundle.unit-test";
		};
		2460C3701CC1F743003B2C6D /* EngineKitOSX */ = {
			isa = PBXNativeTarget;
			buildConfigurationList = 2460C3821CC1F743003B2C6D /* Build configuration list for PBXNativeTarget "EngineKitOSX" */;
			buildPhases = (
				2460C36C1CC1F743003B2C6D /* Sources */,
				2460C36D1CC1F743003B2C6D /* Frameworks */,
				2460C36E1CC1F743003B2C6D /* Headers */,
				2460C36F1CC1F743003B2C6D /* Resources */,
				246998951CE2B8A9004E24D1 /* Swift Lint */,
			);
			buildRules = (
			);
			dependencies = (
			);
			name = EngineKitOSX;
			productName = EngineKitOSX;
			productReference = 2460C3711CC1F743003B2C6D /* EngineKitOSX.framework */;
			productType = "com.apple.product-type.framework";
		};
		2460C3791CC1F743003B2C6D /* EngineKitOSXTests */ = {
			isa = PBXNativeTarget;
			buildConfigurationList = 2460C3851CC1F743003B2C6D /* Build configuration list for PBXNativeTarget "EngineKitOSXTests" */;
			buildPhases = (
				2460C3761CC1F743003B2C6D /* Sources */,
				2460C3771CC1F743003B2C6D /* Frameworks */,
				2460C3781CC1F743003B2C6D /* Resources */,
				24E1402C1CE67A30004C52B4 /* Swift Lint */,
			);
			buildRules = (
			);
			dependencies = (
				2460C37D1CC1F743003B2C6D /* PBXTargetDependency */,
			);
			name = EngineKitOSXTests;
			productName = EngineKitOSXTests;
			productReference = 2460C37A1CC1F743003B2C6D /* EngineKitOSXTests.xctest */;
			productType = "com.apple.product-type.bundle.unit-test";
		};
/* End PBXNativeTarget section */

/* Begin PBXProject section */
		2460C3491CC1F730003B2C6D /* Project object */ = {
			isa = PBXProject;
			attributes = {
				LastSwiftUpdateCheck = 0730;
				LastUpgradeCheck = 0730;
				TargetAttributes = {
					2460C3531CC1F73A003B2C6D = {
						CreatedOnToolsVersion = 7.3;
						DevelopmentTeam = HHT774898M;
					};
					2460C35D1CC1F73A003B2C6D = {
						CreatedOnToolsVersion = 7.3;
						DevelopmentTeam = HHT774898M;
					};
					2460C3701CC1F743003B2C6D = {
						CreatedOnToolsVersion = 7.3;
					};
					2460C3791CC1F743003B2C6D = {
						CreatedOnToolsVersion = 7.3;
					};
				};
			};
			buildConfigurationList = 2460C34C1CC1F730003B2C6D /* Build configuration list for PBXProject "EngineKit" */;
			compatibilityVersion = "Xcode 3.2";
			developmentRegion = English;
			hasScannedForEncodings = 0;
			knownRegions = (
				en,
			);
			mainGroup = 2460C3481CC1F730003B2C6D;
			productRefGroup = 2460C3551CC1F73A003B2C6D /* Products */;
			projectDirPath = "";
			projectRoot = "";
			targets = (
				2460C3531CC1F73A003B2C6D /* EngineKitiOS */,
				2460C35D1CC1F73A003B2C6D /* EngineKitiOSTests */,
				2460C3701CC1F743003B2C6D /* EngineKitOSX */,
				2460C3791CC1F743003B2C6D /* EngineKitOSXTests */,
			);
		};
/* End PBXProject section */

/* Begin PBXResourcesBuildPhase section */
		2460C3521CC1F73A003B2C6D /* Resources */ = {
			isa = PBXResourcesBuildPhase;
			buildActionMask = 2147483647;
			files = (
			);
			runOnlyForDeploymentPostprocessing = 0;
		};
		2460C35C1CC1F73A003B2C6D /* Resources */ = {
			isa = PBXResourcesBuildPhase;
			buildActionMask = 2147483647;
			files = (
				2452366D1CE2CBE0008321E3 /* test.txt in Resources */,
				24FE18451CE3CC1E00287B82 /* testClassScript in Resources */,
				24FE18481CE3CC3400287B82 /* testScript in Resources */,
				244FBF271CEF9B9200002FF1 /* testScriptFail in Resources */,
			);
			runOnlyForDeploymentPostprocessing = 0;
		};
		2460C36F1CC1F743003B2C6D /* Resources */ = {
			isa = PBXResourcesBuildPhase;
			buildActionMask = 2147483647;
			files = (
			);
			runOnlyForDeploymentPostprocessing = 0;
		};
		2460C3781CC1F743003B2C6D /* Resources */ = {
			isa = PBXResourcesBuildPhase;
			buildActionMask = 2147483647;
			files = (
				2452366E1CE2CBE0008321E3 /* test.txt in Resources */,
				24FE18461CE3CC1E00287B82 /* testClassScript in Resources */,
				24FE18491CE3CC3400287B82 /* testScript in Resources */,
				244FBF261CEF9B9100002FF1 /* testScriptFail in Resources */,
			);
			runOnlyForDeploymentPostprocessing = 0;
		};
/* End PBXResourcesBuildPhase section */

/* Begin PBXShellScriptBuildPhase section */
		246998941CE2B899004E24D1 /* Swift Lint */ = {
			isa = PBXShellScriptBuildPhase;
			buildActionMask = 2147483647;
			files = (
			);
			inputPaths = (
			);
			name = "Swift Lint";
			outputPaths = (
			);
			runOnlyForDeploymentPostprocessing = 0;
			shellPath = /bin/sh;
			shellScript = "if which swiftlint >/dev/null; then\n    swiftlint\nelse\n    echo \"warning: SwiftLint not installed, download from https://github.com/realm/SwiftLint\"\nfi";
		};
		246998951CE2B8A9004E24D1 /* Swift Lint */ = {
			isa = PBXShellScriptBuildPhase;
			buildActionMask = 2147483647;
			files = (
			);
			inputPaths = (
			);
			name = "Swift Lint";
			outputPaths = (
			);
			runOnlyForDeploymentPostprocessing = 0;
			shellPath = /bin/sh;
			shellScript = "if which swiftlint >/dev/null; then\n    swiftlint\nelse\n    echo \"warning: SwiftLint not installed, download from https://github.com/realm/SwiftLint\"\nfi";
		};
		24E1402B1CE67A22004C52B4 /* Swift Lint */ = {
			isa = PBXShellScriptBuildPhase;
			buildActionMask = 2147483647;
			files = (
			);
			inputPaths = (
			);
			name = "Swift Lint";
			outputPaths = (
			);
			runOnlyForDeploymentPostprocessing = 0;
			shellPath = /bin/sh;
			shellScript = "if which swiftlint >/dev/null; then\n    swiftlint\nelse\n    echo \"warning: SwiftLint not installed, download from https://github.com/realm/SwiftLint\"\nfi";
		};
		24E1402C1CE67A30004C52B4 /* Swift Lint */ = {
			isa = PBXShellScriptBuildPhase;
			buildActionMask = 2147483647;
			files = (
			);
			inputPaths = (
			);
			name = "Swift Lint";
			outputPaths = (
			);
			runOnlyForDeploymentPostprocessing = 0;
			shellPath = /bin/sh;
			shellScript = "if which swiftlint >/dev/null; then\n    swiftlint\nelse\n    echo \"warning: SwiftLint not installed, download from https://github.com/realm/SwiftLint\"\nfi";
		};
/* End PBXShellScriptBuildPhase section */

/* Begin PBXSourcesBuildPhase section */
		2460C34F1CC1F73A003B2C6D /* Sources */ = {
			isa = PBXSourcesBuildPhase;
			buildActionMask = 2147483647;
			files = (
				242EBAC31CEA7EBE001E5025 /* EKEvent.swift in Sources */,
				242EBAC01CEA4894001E5025 /* EKUIKitInputAddon.swift in Sources */,
				24FE18181CE3A54000287B82 /* EKAddon.swift in Sources */,
				24FE18371CE3BC8500287B82 /* EKColor.swift in Sources */,
				24BCCF5F1D01173400837E86 /* EKSCNNode.swift in Sources */,
				24CF9CDF1CED91A000D8218E /* EKJSDataClasses.swift in Sources */,
				245236391CE2BC73008321E3 /* EKOSFactory.swift in Sources */,
				249D547B1CECF8C400D27F5B /* EKJSScriptable.swift in Sources */,
				249D54801CED0E0800D27F5B /* EKVector2.swift in Sources */,
				24FE181D1CE3A56C00287B82 /* EKSceneKitAddon.swift in Sources */,
				24E39E981CE5350B0096ADDF /* EKVector3.swift in Sources */,
				245236691CE2CA99008321E3 /* EKFoundationFileManager.swift in Sources */,
				2452364D1CE2C492008321E3 /* EKiOSFactory.swift in Sources */,
				246998911CE2B769004E24D1 /* EKEngine.swift in Sources */,
				24FE17F81CE3846800287B82 /* EKJSCoreEngine.swift in Sources */,
				24E39E931CE51B220096ADDF /* EKSwiftExtensions.swift in Sources */,
				24E140361CE67E4D004C52B4 /* EKVector4.swift in Sources */,
				245236361CE2BA4B008321E3 /* EKLanguageEngine.swift in Sources */,
				2452363C1CE2BC95008321E3 /* EKFileManager.swift in Sources */,
				2478A3F11CF802A300E52272 /* EKMatrix.swift in Sources */,
			);
			runOnlyForDeploymentPostprocessing = 0;
		};
		2460C35A1CC1F73A003B2C6D /* Sources */ = {
			isa = PBXSourcesBuildPhase;
			buildActionMask = 2147483647;
			files = (
				242EBAC11CEA4894001E5025 /* EKUIKitInputAddon.swift in Sources */,
				24E39E941CE51B220096ADDF /* EKSwiftExtensions.swift in Sources */,
				24FE183D1CE3CA4000287B82 /* EKFileManagerTests.swift in Sources */,
				24E140481CE7A1CB004C52B4 /* EKiOSProtocolTests.swift in Sources */,
				24E140371CE67E4D004C52B4 /* EKVector4.swift in Sources */,
				24FE18511CE3E9ED00287B82 /* EKLanguageEngineTests.swift in Sources */,
				24FE17F91CE3846800287B82 /* EKJSCoreEngine.swift in Sources */,
				245236581CE2C99A008321E3 /* EKiOSFactory.swift in Sources */,
				24FE18381CE3BC8500287B82 /* EKColor.swift in Sources */,
				24E140451CE7A195004C52B4 /* EKTestsExtension.swift in Sources */,
				24FE18191CE3A54000287B82 /* EKAddon.swift in Sources */,
				245236681CE2CA97008321E3 /* EKFoundationFileManager.swift in Sources */,
				24FE18071CE387A100287B82 /* EKJSCoreEngineTests.swift in Sources */,
				24E140291CE66D27004C52B4 /* EKVector3Tests.swift in Sources */,
				24CF9CE01CED91A000D8218E /* EKJSDataClasses.swift in Sources */,
				2452365D1CE2C9A0008321E3 /* EKFileManager.swift in Sources */,
				24FE181E1CE3A56C00287B82 /* EKSceneKitAddon.swift in Sources */,
				24E39E991CE5350B0096ADDF /* EKVector3.swift in Sources */,
				242EBAC41CEA7EBE001E5025 /* EKEvent.swift in Sources */,
				2452365B1CE2C9A0008321E3 /* EKLanguageEngine.swift in Sources */,
				24E1403C1CE68398004C52B4 /* EKVector4Tests.swift in Sources */,
				249D54811CED0E0800D27F5B /* EKVector2.swift in Sources */,
				24BCCF601D01173400837E86 /* EKSCNNode.swift in Sources */,
				249D54851CED0F3D00D27F5B /* EKVector2Tests.swift in Sources */,
				249D547C1CECF8C400D27F5B /* EKJSScriptable.swift in Sources */,
				2452365C1CE2C9A0008321E3 /* EKOSFactory.swift in Sources */,
				2452365A1CE2C9A0008321E3 /* EKEngine.swift in Sources */,
				2478A3F21CF802A300E52272 /* EKMatrix.swift in Sources */,
				24E140401CE68E7B004C52B4 /* EKColorTests.swift in Sources */,
			);
			runOnlyForDeploymentPostprocessing = 0;
		};
		2460C36C1CC1F743003B2C6D /* Sources */ = {
			isa = PBXSourcesBuildPhase;
			buildActionMask = 2147483647;
			files = (
				24FE181A1CE3A54000287B82 /* EKAddon.swift in Sources */,
				24FE18391CE3BC8500287B82 /* EKColor.swift in Sources */,
				2452363A1CE2BC73008321E3 /* EKOSFactory.swift in Sources */,
				24BCCF611D01173400837E86 /* EKSCNNode.swift in Sources */,
				24FE181F1CE3A56C00287B82 /* EKSceneKitAddon.swift in Sources */,
				2478A3F31CF802A300E52272 /* EKMatrix.swift in Sources */,
				24CF9CE11CED91A000D8218E /* EKJSDataClasses.swift in Sources */,
				24E39E9A1CE5350B0096ADDF /* EKVector3.swift in Sources */,
				245236671CE2CA97008321E3 /* EKFoundationFileManager.swift in Sources */,
				246998921CE2B769004E24D1 /* EKEngine.swift in Sources */,
				2418DF0E1D01F5EC00473C0B /* EKAppKitInputAddon.swift in Sources */,
				245236371CE2BA4B008321E3 /* EKLanguageEngine.swift in Sources */,
				242EBAC51CEA7EBE001E5025 /* EKEvent.swift in Sources */,
				24FE17FA1CE3846800287B82 /* EKJSCoreEngine.swift in Sources */,
				24E39E951CE51B220096ADDF /* EKSwiftExtensions.swift in Sources */,
				249D547D1CECF8C400D27F5B /* EKJSScriptable.swift in Sources */,
				24E140381CE67E4D004C52B4 /* EKVector4.swift in Sources */,
				2452363D1CE2BC95008321E3 /* EKFileManager.swift in Sources */,
				245236461CE2BFBE008321E3 /* EKOSXFactory.swift in Sources */,
				249D54821CED0E0800D27F5B /* EKVector2.swift in Sources */,
			);
			runOnlyForDeploymentPostprocessing = 0;
		};
		2460C3761CC1F743003B2C6D /* Sources */ = {
			isa = PBXSourcesBuildPhase;
			buildActionMask = 2147483647;
			files = (
				245236661CE2CA92008321E3 /* EKFoundationFileManager.swift in Sources */,
				24E39E961CE51B220096ADDF /* EKSwiftExtensions.swift in Sources */,
				24FE183F1CE3CA4000287B82 /* EKFileManagerTests.swift in Sources */,
				24E140391CE67E4D004C52B4 /* EKVector4.swift in Sources */,
				24FE18521CE3E9ED00287B82 /* EKLanguageEngineTests.swift in Sources */,
				249D547E1CECF8C400D27F5B /* EKJSScriptable.swift in Sources */,
				24FE17FB1CE3846800287B82 /* EKJSCoreEngine.swift in Sources */,
				2478A3F41CF802A300E52272 /* EKMatrix.swift in Sources */,
				24FE183A1CE3BC8500287B82 /* EKColor.swift in Sources */,
				24FE181B1CE3A54000287B82 /* EKAddon.swift in Sources */,
				245236571CE2C998008321E3 /* EKOSXFactory.swift in Sources */,
				24FE18081CE387A100287B82 /* EKJSCoreEngineTests.swift in Sources */,
				24BCCF621D01173400837E86 /* EKSCNNode.swift in Sources */,
				24E1402A1CE66D27004C52B4 /* EKVector3Tests.swift in Sources */,
				249D54831CED0E0800D27F5B /* EKVector2.swift in Sources */,
				245236621CE2C9A1008321E3 /* EKFileManager.swift in Sources */,
				24FE18201CE3A56C00287B82 /* EKSceneKitAddon.swift in Sources */,
				2418DF0F1D01F5EC00473C0B /* EKAppKitInputAddon.swift in Sources */,
				242EBAC61CEA7EBE001E5025 /* EKEvent.swift in Sources */,
				24E39E9B1CE5350B0096ADDF /* EKVector3.swift in Sources */,
				245236601CE2C9A1008321E3 /* EKLanguageEngine.swift in Sources */,
				24CF9CE21CED91A000D8218E /* EKJSDataClasses.swift in Sources */,
				24E1403E1CE68398004C52B4 /* EKVector4Tests.swift in Sources */,
				24E140431CE799AD004C52B4 /* EKOSXProtocolTests.swift in Sources */,
				245236611CE2C9A1008321E3 /* EKOSFactory.swift in Sources */,
				24E140461CE7A195004C52B4 /* EKTestsExtension.swift in Sources */,
				2452365F1CE2C9A1008321E3 /* EKEngine.swift in Sources */,
				24E140411CE68E7B004C52B4 /* EKColorTests.swift in Sources */,
				249D54861CED0F3D00D27F5B /* EKVector2Tests.swift in Sources */,
			);
			runOnlyForDeploymentPostprocessing = 0;
		};
/* End PBXSourcesBuildPhase section */

/* Begin PBXTargetDependency section */
		2460C3611CC1F73A003B2C6D /* PBXTargetDependency */ = {
			isa = PBXTargetDependency;
			target = 2460C3531CC1F73A003B2C6D /* EngineKitiOS */;
			targetProxy = 2460C3601CC1F73A003B2C6D /* PBXContainerItemProxy */;
		};
		2460C37D1CC1F743003B2C6D /* PBXTargetDependency */ = {
			isa = PBXTargetDependency;
			target = 2460C3701CC1F743003B2C6D /* EngineKitOSX */;
			targetProxy = 2460C37C1CC1F743003B2C6D /* PBXContainerItemProxy */;
		};
/* End PBXTargetDependency section */

/* Begin XCBuildConfiguration section */
		2460C34D1CC1F730003B2C6D /* Debug */ = {
			isa = XCBuildConfiguration;
			buildSettings = {
			};
			name = Debug;
		};
		2460C34E1CC1F730003B2C6D /* Release */ = {
			isa = XCBuildConfiguration;
			buildSettings = {
			};
			name = Release;
		};
		2460C3671CC1F73A003B2C6D /* Debug */ = {
			isa = XCBuildConfiguration;
			buildSettings = {
				ALWAYS_SEARCH_USER_PATHS = NO;
				CLANG_ANALYZER_NONNULL = YES;
				CLANG_CXX_LANGUAGE_STANDARD = "gnu++0x";
				CLANG_CXX_LIBRARY = "libc++";
				CLANG_ENABLE_MODULES = YES;
				CLANG_ENABLE_OBJC_ARC = YES;
				CLANG_WARN_BOOL_CONVERSION = YES;
				CLANG_WARN_CONSTANT_CONVERSION = YES;
				CLANG_WARN_DIRECT_OBJC_ISA_USAGE = YES_ERROR;
				CLANG_WARN_EMPTY_BODY = YES;
				CLANG_WARN_ENUM_CONVERSION = YES;
				CLANG_WARN_INT_CONVERSION = YES;
				CLANG_WARN_OBJC_ROOT_CLASS = YES_ERROR;
				CLANG_WARN_UNREACHABLE_CODE = YES;
				CLANG_WARN__DUPLICATE_METHOD_MATCH = YES;
				"CODE_SIGN_IDENTITY[sdk=iphoneos*]" = "iPhone Developer";
				COPY_PHASE_STRIP = NO;
				CURRENT_PROJECT_VERSION = 1;
				DEBUG_INFORMATION_FORMAT = dwarf;
				DEFINES_MODULE = YES;
				DYLIB_COMPATIBILITY_VERSION = 1;
				DYLIB_CURRENT_VERSION = 1;
				DYLIB_INSTALL_NAME_BASE = "@rpath";
				ENABLE_STRICT_OBJC_MSGSEND = YES;
				ENABLE_TESTABILITY = YES;
				GCC_C_LANGUAGE_STANDARD = gnu99;
				GCC_DYNAMIC_NO_PIC = NO;
				GCC_NO_COMMON_BLOCKS = YES;
				GCC_OPTIMIZATION_LEVEL = 0;
				GCC_PREPROCESSOR_DEFINITIONS = (
					"DEBUG=1",
					"$(inherited)",
				);
				GCC_WARN_64_TO_32_BIT_CONVERSION = YES;
				GCC_WARN_ABOUT_RETURN_TYPE = YES_ERROR;
				GCC_WARN_UNDECLARED_SELECTOR = YES;
				GCC_WARN_UNINITIALIZED_AUTOS = YES_AGGRESSIVE;
				GCC_WARN_UNUSED_FUNCTION = YES;
				GCC_WARN_UNUSED_VARIABLE = YES;
				INFOPLIST_FILE = EngineKitiOS/Info.plist;
				INSTALL_PATH = "$(LOCAL_LIBRARY_DIR)/Frameworks";
				IPHONEOS_DEPLOYMENT_TARGET = 9.3;
				LD_RUNPATH_SEARCH_PATHS = "$(inherited) @executable_path/Frameworks @loader_path/Frameworks";
				MTL_ENABLE_DEBUG_INFO = YES;
				ONLY_ACTIVE_ARCH = YES;
				PRODUCT_BUNDLE_IDENTIFIER = vinivendra.EngineKitiOS;
				PRODUCT_MODULE_NAME = EngineKitiOS;
				PRODUCT_NAME = "$(TARGET_NAME)";
				SDKROOT = iphoneos;
				SKIP_INSTALL = YES;
				SWIFT_OPTIMIZATION_LEVEL = "-Onone";
				TARGETED_DEVICE_FAMILY = "1,2";
				VERSIONING_SYSTEM = "apple-generic";
				VERSION_INFO_PREFIX = "";
			};
			name = Debug;
		};
		2460C3681CC1F73A003B2C6D /* Release */ = {
			isa = XCBuildConfiguration;
			buildSettings = {
				ALWAYS_SEARCH_USER_PATHS = NO;
				CLANG_ANALYZER_NONNULL = YES;
				CLANG_CXX_LANGUAGE_STANDARD = "gnu++0x";
				CLANG_CXX_LIBRARY = "libc++";
				CLANG_ENABLE_MODULES = YES;
				CLANG_ENABLE_OBJC_ARC = YES;
				CLANG_WARN_BOOL_CONVERSION = YES;
				CLANG_WARN_CONSTANT_CONVERSION = YES;
				CLANG_WARN_DIRECT_OBJC_ISA_USAGE = YES_ERROR;
				CLANG_WARN_EMPTY_BODY = YES;
				CLANG_WARN_ENUM_CONVERSION = YES;
				CLANG_WARN_INT_CONVERSION = YES;
				CLANG_WARN_OBJC_ROOT_CLASS = YES_ERROR;
				CLANG_WARN_UNREACHABLE_CODE = YES;
				CLANG_WARN__DUPLICATE_METHOD_MATCH = YES;
				"CODE_SIGN_IDENTITY[sdk=iphoneos*]" = "iPhone Developer";
				COPY_PHASE_STRIP = NO;
				CURRENT_PROJECT_VERSION = 1;
				DEBUG_INFORMATION_FORMAT = "dwarf-with-dsym";
				DEFINES_MODULE = YES;
				DYLIB_COMPATIBILITY_VERSION = 1;
				DYLIB_CURRENT_VERSION = 1;
				DYLIB_INSTALL_NAME_BASE = "@rpath";
				ENABLE_NS_ASSERTIONS = NO;
				ENABLE_STRICT_OBJC_MSGSEND = YES;
				GCC_C_LANGUAGE_STANDARD = gnu99;
				GCC_NO_COMMON_BLOCKS = YES;
				GCC_WARN_64_TO_32_BIT_CONVERSION = YES;
				GCC_WARN_ABOUT_RETURN_TYPE = YES_ERROR;
				GCC_WARN_UNDECLARED_SELECTOR = YES;
				GCC_WARN_UNINITIALIZED_AUTOS = YES_AGGRESSIVE;
				GCC_WARN_UNUSED_FUNCTION = YES;
				GCC_WARN_UNUSED_VARIABLE = YES;
				INFOPLIST_FILE = EngineKitiOS/Info.plist;
				INSTALL_PATH = "$(LOCAL_LIBRARY_DIR)/Frameworks";
				IPHONEOS_DEPLOYMENT_TARGET = 9.3;
				LD_RUNPATH_SEARCH_PATHS = "$(inherited) @executable_path/Frameworks @loader_path/Frameworks";
				MTL_ENABLE_DEBUG_INFO = NO;
				PRODUCT_BUNDLE_IDENTIFIER = vinivendra.EngineKitiOS;
				PRODUCT_MODULE_NAME = EngineKitiOS;
				PRODUCT_NAME = "$(TARGET_NAME)";
				SDKROOT = iphoneos;
				SKIP_INSTALL = YES;
				TARGETED_DEVICE_FAMILY = "1,2";
				VALIDATE_PRODUCT = YES;
				VERSIONING_SYSTEM = "apple-generic";
				VERSION_INFO_PREFIX = "";
			};
			name = Release;
		};
		2460C36A1CC1F73A003B2C6D /* Debug */ = {
			isa = XCBuildConfiguration;
			buildSettings = {
				ALWAYS_SEARCH_USER_PATHS = NO;
				CLANG_ANALYZER_NONNULL = YES;
				CLANG_CXX_LANGUAGE_STANDARD = "gnu++0x";
				CLANG_CXX_LIBRARY = "libc++";
				CLANG_ENABLE_MODULES = YES;
				CLANG_ENABLE_OBJC_ARC = YES;
				CLANG_WARN_BOOL_CONVERSION = YES;
				CLANG_WARN_CONSTANT_CONVERSION = YES;
				CLANG_WARN_DIRECT_OBJC_ISA_USAGE = YES_ERROR;
				CLANG_WARN_EMPTY_BODY = YES;
				CLANG_WARN_ENUM_CONVERSION = YES;
				CLANG_WARN_INT_CONVERSION = YES;
				CLANG_WARN_OBJC_ROOT_CLASS = YES_ERROR;
				CLANG_WARN_UNREACHABLE_CODE = YES;
				CLANG_WARN__DUPLICATE_METHOD_MATCH = YES;
				"CODE_SIGN_IDENTITY[sdk=iphoneos*]" = "iPhone Developer";
				COPY_PHASE_STRIP = NO;
				DEBUG_INFORMATION_FORMAT = dwarf;
				ENABLE_STRICT_OBJC_MSGSEND = YES;
				ENABLE_TESTABILITY = YES;
				GCC_C_LANGUAGE_STANDARD = gnu99;
				GCC_DYNAMIC_NO_PIC = NO;
				GCC_NO_COMMON_BLOCKS = YES;
				GCC_OPTIMIZATION_LEVEL = 0;
				GCC_PREPROCESSOR_DEFINITIONS = (
					"DEBUG=1",
					"$(inherited)",
				);
				GCC_WARN_64_TO_32_BIT_CONVERSION = YES;
				GCC_WARN_ABOUT_RETURN_TYPE = YES_ERROR;
				GCC_WARN_UNDECLARED_SELECTOR = YES;
				GCC_WARN_UNINITIALIZED_AUTOS = YES_AGGRESSIVE;
				GCC_WARN_UNUSED_FUNCTION = YES;
				GCC_WARN_UNUSED_VARIABLE = YES;
				INFOPLIST_FILE = EngineKitiOSTests/Info.plist;
				IPHONEOS_DEPLOYMENT_TARGET = 9.3;
				LD_RUNPATH_SEARCH_PATHS = "$(inherited) @executable_path/Frameworks @loader_path/Frameworks";
				MTL_ENABLE_DEBUG_INFO = YES;
				ONLY_ACTIVE_ARCH = YES;
				PRODUCT_BUNDLE_IDENTIFIER = vinivendra.EngineKitiOSTests;
				PRODUCT_NAME = "$(TARGET_NAME)";
				SDKROOT = iphoneos;
				SWIFT_OPTIMIZATION_LEVEL = "-Onone";
			};
			name = Debug;
		};
		2460C36B1CC1F73A003B2C6D /* Release */ = {
			isa = XCBuildConfiguration;
			buildSettings = {
				ALWAYS_SEARCH_USER_PATHS = NO;
				CLANG_ANALYZER_NONNULL = YES;
				CLANG_CXX_LANGUAGE_STANDARD = "gnu++0x";
				CLANG_CXX_LIBRARY = "libc++";
				CLANG_ENABLE_MODULES = YES;
				CLANG_ENABLE_OBJC_ARC = YES;
				CLANG_WARN_BOOL_CONVERSION = YES;
				CLANG_WARN_CONSTANT_CONVERSION = YES;
				CLANG_WARN_DIRECT_OBJC_ISA_USAGE = YES_ERROR;
				CLANG_WARN_EMPTY_BODY = YES;
				CLANG_WARN_ENUM_CONVERSION = YES;
				CLANG_WARN_INT_CONVERSION = YES;
				CLANG_WARN_OBJC_ROOT_CLASS = YES_ERROR;
				CLANG_WARN_UNREACHABLE_CODE = YES;
				CLANG_WARN__DUPLICATE_METHOD_MATCH = YES;
				"CODE_SIGN_IDENTITY[sdk=iphoneos*]" = "iPhone Developer";
				COPY_PHASE_STRIP = NO;
				DEBUG_INFORMATION_FORMAT = "dwarf-with-dsym";
				ENABLE_NS_ASSERTIONS = NO;
				ENABLE_STRICT_OBJC_MSGSEND = YES;
				GCC_C_LANGUAGE_STANDARD = gnu99;
				GCC_NO_COMMON_BLOCKS = YES;
				GCC_WARN_64_TO_32_BIT_CONVERSION = YES;
				GCC_WARN_ABOUT_RETURN_TYPE = YES_ERROR;
				GCC_WARN_UNDECLARED_SELECTOR = YES;
				GCC_WARN_UNINITIALIZED_AUTOS = YES_AGGRESSIVE;
				GCC_WARN_UNUSED_FUNCTION = YES;
				GCC_WARN_UNUSED_VARIABLE = YES;
				INFOPLIST_FILE = EngineKitiOSTests/Info.plist;
				IPHONEOS_DEPLOYMENT_TARGET = 9.3;
				LD_RUNPATH_SEARCH_PATHS = "$(inherited) @executable_path/Frameworks @loader_path/Frameworks";
				MTL_ENABLE_DEBUG_INFO = NO;
				PRODUCT_BUNDLE_IDENTIFIER = vinivendra.EngineKitiOSTests;
				PRODUCT_NAME = "$(TARGET_NAME)";
				SDKROOT = iphoneos;
				VALIDATE_PRODUCT = YES;
			};
			name = Release;
		};
		2460C3831CC1F743003B2C6D /* Debug */ = {
			isa = XCBuildConfiguration;
			buildSettings = {
				ALWAYS_SEARCH_USER_PATHS = NO;
				CLANG_ANALYZER_NONNULL = YES;
				CLANG_CXX_LANGUAGE_STANDARD = "gnu++0x";
				CLANG_CXX_LIBRARY = "libc++";
				CLANG_ENABLE_MODULES = YES;
				CLANG_ENABLE_OBJC_ARC = YES;
				CLANG_WARN_BOOL_CONVERSION = YES;
				CLANG_WARN_CONSTANT_CONVERSION = YES;
				CLANG_WARN_DIRECT_OBJC_ISA_USAGE = YES_ERROR;
				CLANG_WARN_EMPTY_BODY = YES;
				CLANG_WARN_ENUM_CONVERSION = YES;
				CLANG_WARN_INT_CONVERSION = YES;
				CLANG_WARN_OBJC_ROOT_CLASS = YES_ERROR;
				CLANG_WARN_UNREACHABLE_CODE = YES;
				CLANG_WARN__DUPLICATE_METHOD_MATCH = YES;
				CODE_SIGN_IDENTITY = "-";
				COMBINE_HIDPI_IMAGES = YES;
				COPY_PHASE_STRIP = NO;
				CURRENT_PROJECT_VERSION = 1;
				DEBUG_INFORMATION_FORMAT = dwarf;
				DEFINES_MODULE = YES;
				DYLIB_COMPATIBILITY_VERSION = 1;
				DYLIB_CURRENT_VERSION = 1;
				DYLIB_INSTALL_NAME_BASE = "@rpath";
				ENABLE_STRICT_OBJC_MSGSEND = YES;
				ENABLE_TESTABILITY = YES;
				FRAMEWORK_VERSION = A;
				GCC_C_LANGUAGE_STANDARD = gnu99;
				GCC_DYNAMIC_NO_PIC = NO;
				GCC_NO_COMMON_BLOCKS = YES;
				GCC_OPTIMIZATION_LEVEL = 0;
				GCC_PREPROCESSOR_DEFINITIONS = (
					"DEBUG=1",
					"$(inherited)",
				);
				GCC_WARN_64_TO_32_BIT_CONVERSION = YES;
				GCC_WARN_ABOUT_RETURN_TYPE = YES_ERROR;
				GCC_WARN_UNDECLARED_SELECTOR = YES;
				GCC_WARN_UNINITIALIZED_AUTOS = YES_AGGRESSIVE;
				GCC_WARN_UNUSED_FUNCTION = YES;
				GCC_WARN_UNUSED_VARIABLE = YES;
				INFOPLIST_FILE = EngineKitOSX/Info.plist;
				INSTALL_PATH = "$(LOCAL_LIBRARY_DIR)/Frameworks";
				LD_RUNPATH_SEARCH_PATHS = "$(inherited) @executable_path/../Frameworks @loader_path/Frameworks";
				MACOSX_DEPLOYMENT_TARGET = 10.11;
				MTL_ENABLE_DEBUG_INFO = YES;
				ONLY_ACTIVE_ARCH = YES;
				PRODUCT_BUNDLE_IDENTIFIER = vinivendra.EngineKitOSX;
				PRODUCT_MODULE_NAME = EngineKitOSX;
				PRODUCT_NAME = "$(TARGET_NAME)";
				SDKROOT = macosx;
				SKIP_INSTALL = YES;
				SWIFT_OPTIMIZATION_LEVEL = "-Onone";
				VERSIONING_SYSTEM = "apple-generic";
				VERSION_INFO_PREFIX = "";
			};
			name = Debug;
		};
		2460C3841CC1F743003B2C6D /* Release */ = {
			isa = XCBuildConfiguration;
			buildSettings = {
				ALWAYS_SEARCH_USER_PATHS = NO;
				CLANG_ANALYZER_NONNULL = YES;
				CLANG_CXX_LANGUAGE_STANDARD = "gnu++0x";
				CLANG_CXX_LIBRARY = "libc++";
				CLANG_ENABLE_MODULES = YES;
				CLANG_ENABLE_OBJC_ARC = YES;
				CLANG_WARN_BOOL_CONVERSION = YES;
				CLANG_WARN_CONSTANT_CONVERSION = YES;
				CLANG_WARN_DIRECT_OBJC_ISA_USAGE = YES_ERROR;
				CLANG_WARN_EMPTY_BODY = YES;
				CLANG_WARN_ENUM_CONVERSION = YES;
				CLANG_WARN_INT_CONVERSION = YES;
				CLANG_WARN_OBJC_ROOT_CLASS = YES_ERROR;
				CLANG_WARN_UNREACHABLE_CODE = YES;
				CLANG_WARN__DUPLICATE_METHOD_MATCH = YES;
				CODE_SIGN_IDENTITY = "-";
				COMBINE_HIDPI_IMAGES = YES;
				COPY_PHASE_STRIP = NO;
				CURRENT_PROJECT_VERSION = 1;
				DEBUG_INFORMATION_FORMAT = "dwarf-with-dsym";
				DEFINES_MODULE = YES;
				DYLIB_COMPATIBILITY_VERSION = 1;
				DYLIB_CURRENT_VERSION = 1;
				DYLIB_INSTALL_NAME_BASE = "@rpath";
				ENABLE_NS_ASSERTIONS = NO;
				ENABLE_STRICT_OBJC_MSGSEND = YES;
				FRAMEWORK_VERSION = A;
				GCC_C_LANGUAGE_STANDARD = gnu99;
				GCC_NO_COMMON_BLOCKS = YES;
				GCC_WARN_64_TO_32_BIT_CONVERSION = YES;
				GCC_WARN_ABOUT_RETURN_TYPE = YES_ERROR;
				GCC_WARN_UNDECLARED_SELECTOR = YES;
				GCC_WARN_UNINITIALIZED_AUTOS = YES_AGGRESSIVE;
				GCC_WARN_UNUSED_FUNCTION = YES;
				GCC_WARN_UNUSED_VARIABLE = YES;
				INFOPLIST_FILE = EngineKitOSX/Info.plist;
				INSTALL_PATH = "$(LOCAL_LIBRARY_DIR)/Frameworks";
				LD_RUNPATH_SEARCH_PATHS = "$(inherited) @executable_path/../Frameworks @loader_path/Frameworks";
				MACOSX_DEPLOYMENT_TARGET = 10.11;
				MTL_ENABLE_DEBUG_INFO = NO;
				PRODUCT_BUNDLE_IDENTIFIER = vinivendra.EngineKitOSX;
				PRODUCT_MODULE_NAME = EngineKitOSX;
				PRODUCT_NAME = "$(TARGET_NAME)";
				SDKROOT = macosx;
				SKIP_INSTALL = YES;
				VERSIONING_SYSTEM = "apple-generic";
				VERSION_INFO_PREFIX = "";
			};
			name = Release;
		};
		2460C3861CC1F743003B2C6D /* Debug */ = {
			isa = XCBuildConfiguration;
			buildSettings = {
				ALWAYS_SEARCH_USER_PATHS = NO;
				CLANG_ANALYZER_NONNULL = YES;
				CLANG_CXX_LANGUAGE_STANDARD = "gnu++0x";
				CLANG_CXX_LIBRARY = "libc++";
				CLANG_ENABLE_MODULES = YES;
				CLANG_ENABLE_OBJC_ARC = YES;
				CLANG_WARN_BOOL_CONVERSION = YES;
				CLANG_WARN_CONSTANT_CONVERSION = YES;
				CLANG_WARN_DIRECT_OBJC_ISA_USAGE = YES_ERROR;
				CLANG_WARN_EMPTY_BODY = YES;
				CLANG_WARN_ENUM_CONVERSION = YES;
				CLANG_WARN_INT_CONVERSION = YES;
				CLANG_WARN_OBJC_ROOT_CLASS = YES_ERROR;
				CLANG_WARN_UNREACHABLE_CODE = YES;
				CLANG_WARN__DUPLICATE_METHOD_MATCH = YES;
				CODE_SIGN_IDENTITY = "-";
				COMBINE_HIDPI_IMAGES = YES;
				COPY_PHASE_STRIP = NO;
				DEBUG_INFORMATION_FORMAT = dwarf;
				ENABLE_STRICT_OBJC_MSGSEND = YES;
				ENABLE_TESTABILITY = YES;
				GCC_C_LANGUAGE_STANDARD = gnu99;
				GCC_DYNAMIC_NO_PIC = NO;
				GCC_NO_COMMON_BLOCKS = YES;
				GCC_OPTIMIZATION_LEVEL = 0;
				GCC_PREPROCESSOR_DEFINITIONS = (
					"DEBUG=1",
					"$(inherited)",
				);
				GCC_WARN_64_TO_32_BIT_CONVERSION = YES;
				GCC_WARN_ABOUT_RETURN_TYPE = YES_ERROR;
				GCC_WARN_UNDECLARED_SELECTOR = YES;
				GCC_WARN_UNINITIALIZED_AUTOS = YES_AGGRESSIVE;
				GCC_WARN_UNUSED_FUNCTION = YES;
				GCC_WARN_UNUSED_VARIABLE = YES;
				INFOPLIST_FILE = EngineKitOSXTests/Info.plist;
				LD_RUNPATH_SEARCH_PATHS = "$(inherited) @executable_path/../Frameworks @loader_path/../Frameworks";
				MACOSX_DEPLOYMENT_TARGET = 10.11;
				MTL_ENABLE_DEBUG_INFO = YES;
				ONLY_ACTIVE_ARCH = YES;
				PRODUCT_BUNDLE_IDENTIFIER = vinivendra.EngineKitOSXTests;
				PRODUCT_NAME = "$(TARGET_NAME)";
				SDKROOT = macosx;
				SWIFT_OPTIMIZATION_LEVEL = "-Onone";
			};
			name = Debug;
		};
		2460C3871CC1F743003B2C6D /* Release */ = {
			isa = XCBuildConfiguration;
			buildSettings = {
				ALWAYS_SEARCH_USER_PATHS = NO;
				CLANG_ANALYZER_NONNULL = YES;
				CLANG_CXX_LANGUAGE_STANDARD = "gnu++0x";
				CLANG_CXX_LIBRARY = "libc++";
				CLANG_ENABLE_MODULES = YES;
				CLANG_ENABLE_OBJC_ARC = YES;
				CLANG_WARN_BOOL_CONVERSION = YES;
				CLANG_WARN_CONSTANT_CONVERSION = YES;
				CLANG_WARN_DIRECT_OBJC_ISA_USAGE = YES_ERROR;
				CLANG_WARN_EMPTY_BODY = YES;
				CLANG_WARN_ENUM_CONVERSION = YES;
				CLANG_WARN_INT_CONVERSION = YES;
				CLANG_WARN_OBJC_ROOT_CLASS = YES_ERROR;
				CLANG_WARN_UNREACHABLE_CODE = YES;
				CLANG_WARN__DUPLICATE_METHOD_MATCH = YES;
				CODE_SIGN_IDENTITY = "-";
				COMBINE_HIDPI_IMAGES = YES;
				COPY_PHASE_STRIP = NO;
				DEBUG_INFORMATION_FORMAT = "dwarf-with-dsym";
				ENABLE_NS_ASSERTIONS = NO;
				ENABLE_STRICT_OBJC_MSGSEND = YES;
				GCC_C_LANGUAGE_STANDARD = gnu99;
				GCC_NO_COMMON_BLOCKS = YES;
				GCC_WARN_64_TO_32_BIT_CONVERSION = YES;
				GCC_WARN_ABOUT_RETURN_TYPE = YES_ERROR;
				GCC_WARN_UNDECLARED_SELECTOR = YES;
				GCC_WARN_UNINITIALIZED_AUTOS = YES_AGGRESSIVE;
				GCC_WARN_UNUSED_FUNCTION = YES;
				GCC_WARN_UNUSED_VARIABLE = YES;
				INFOPLIST_FILE = EngineKitOSXTests/Info.plist;
				LD_RUNPATH_SEARCH_PATHS = "$(inherited) @executable_path/../Frameworks @loader_path/../Frameworks";
				MACOSX_DEPLOYMENT_TARGET = 10.11;
				MTL_ENABLE_DEBUG_INFO = NO;
				PRODUCT_BUNDLE_IDENTIFIER = vinivendra.EngineKitOSXTests;
				PRODUCT_NAME = "$(TARGET_NAME)";
				SDKROOT = macosx;
			};
			name = Release;
		};
/* End XCBuildConfiguration section */

/* Begin XCConfigurationList section */
		2460C34C1CC1F730003B2C6D /* Build configuration list for PBXProject "EngineKit" */ = {
			isa = XCConfigurationList;
			buildConfigurations = (
				2460C34D1CC1F730003B2C6D /* Debug */,
				2460C34E1CC1F730003B2C6D /* Release */,
			);
			defaultConfigurationIsVisible = 0;
			defaultConfigurationName = Release;
		};
		2460C3661CC1F73A003B2C6D /* Build configuration list for PBXNativeTarget "EngineKitiOS" */ = {
			isa = XCConfigurationList;
			buildConfigurations = (
				2460C3671CC1F73A003B2C6D /* Debug */,
				2460C3681CC1F73A003B2C6D /* Release */,
			);
			defaultConfigurationIsVisible = 0;
			defaultConfigurationName = Release;
		};
		2460C3691CC1F73A003B2C6D /* Build configuration list for PBXNativeTarget "EngineKitiOSTests" */ = {
			isa = XCConfigurationList;
			buildConfigurations = (
				2460C36A1CC1F73A003B2C6D /* Debug */,
				2460C36B1CC1F73A003B2C6D /* Release */,
			);
			defaultConfigurationIsVisible = 0;
			defaultConfigurationName = Release;
		};
		2460C3821CC1F743003B2C6D /* Build configuration list for PBXNativeTarget "EngineKitOSX" */ = {
			isa = XCConfigurationList;
			buildConfigurations = (
				2460C3831CC1F743003B2C6D /* Debug */,
				2460C3841CC1F743003B2C6D /* Release */,
			);
			defaultConfigurationIsVisible = 0;
			defaultConfigurationName = Release;
		};
		2460C3851CC1F743003B2C6D /* Build configuration list for PBXNativeTarget "EngineKitOSXTests" */ = {
			isa = XCConfigurationList;
			buildConfigurations = (
				2460C3861CC1F743003B2C6D /* Debug */,
				2460C3871CC1F743003B2C6D /* Release */,
			);
			defaultConfigurationIsVisible = 0;
			defaultConfigurationName = Release;
		};
/* End XCConfigurationList section */
	};
	rootObject = 2460C3491CC1F730003B2C6D /* Project object */;
}
